<?xml version="1.0" encoding="UTF-8"?>
<Project ToolsVersion="15.0" xmlns="http://schemas.microsoft.com/developer/msbuild/2003">
  <ItemGroup>
    <CustomBuild Include="C:\src\nevermind\src\Nethermind\secp256k1_win32\CMakeFiles\b61e16bf6bc943ca9c7d083e8e0f9641\generate.stamp.rule">
      <Filter>CMake Rules</Filter>
    </CustomBuild>
  </ItemGroup>
  <ItemGroup>
    <Filter Include="CMake Rules">
      <UniqueIdentifier>{6501A969-A10E-3BC1-A246-4FEB85E42E01}</UniqueIdentifier>
    </Filter>
  </ItemGroup>
</Project>
