{
  "version": 2,
  "dependencies": {
    "net10.0": {
      "nethermind.abi": {
        "type": "Project",
        "dependencies": {
          "Nethermind.Core": "[1.37.0-unstable, )"
        }
      },
      "nethermind.api": {
        "type": "Project",
        "dependencies": {
          "Nethermind.Blockchain": "[1.37.0-unstable, )",
          "Nethermind.Facade": "[1.37.0-unstable, )",
          "Nethermind.Grpc": "[1.37.0-unstable, )",
          "Nethermind.History": "[1.37.0-unstable, )",
          "Nethermind.JsonRpc": "[1.37.0-unstable, )",
          "Nethermind.Monitoring": "[1.37.0-unstable, )",
          "Nethermind.Network": "[1.37.0-unstable, )",
          "Nethermind.Sockets": "[1.37.0-unstable, )"
        }
      },
      "nethermind.blockchain": {
        "type": "Project",
        "dependencies": {
          "Nethermind.Abi": "[1.37.0-unstable, )",
          "Nethermind.Core": "[1.37.0-unstable, )",
          "Nethermind.Db": "[1.37.0-unstable, )",
          "Nethermind.Evm": "[1.37.0-unstable, )",
          "Nethermind.Evm.Precompiles": "[1.37.0-unstable, )",
          "Nethermind.Network.Stats": "[1.37.0-unstable, )",
          "Nethermind.Specs": "[1.37.0-unstable, )",
          "Nethermind.State": "[1.37.0-unstable, )",
          "Nethermind.TxPool": "[1.37.0-unstable, )"
        }
      },
      "nethermind.config": {
        "type": "Project",
        "dependencies": {
          "Nethermind.Core": "[1.37.0-unstable, )"
        }
      },
      "nethermind.consensus": {
        "type": "Project",
        "dependencies": {
          "Nethermind.Blockchain": "[1.37.0-unstable, )",
          "Nethermind.Config": "[1.37.0-unstable, )",
          "Nethermind.Core": "[1.37.0-unstable, )",
          "Nethermind.Crypto": "[1.37.0-unstable, )",
          "Nethermind.Evm": "[1.37.0-unstable, )",
          "Nethermind.TxPool": "[1.37.0-unstable, )"
        }
      },
      "nethermind.consensus.aura": {
        "type": "Project",
        "dependencies": {
          "Nethermind.Abi": "[1.37.0-unstable, )",
          "Nethermind.Api": "[1.37.0-unstable, )",
          "Nethermind.Blockchain": "[1.37.0-unstable, )",
          "Nethermind.Facade": "[1.37.0-unstable, )",
          "Nethermind.Init": "[1.37.0-unstable, )",
          "Nethermind.Specs": "[1.37.0-unstable, )",
          "Nethermind.Synchronization": "[1.37.0-unstable, )"
        }
      },
      "nethermind.consensus.clique": {
        "type": "Project",
        "dependencies": {
          "Nethermind.Api": "[1.37.0-unstable, )",
          "Nethermind.Blockchain": "[1.37.0-unstable, )",
          "Nethermind.Consensus": "[1.37.0-unstable, )",
          "Nethermind.JsonRpc": "[1.37.0-unstable, )"
        }
      },
      "nethermind.consensus.ethash": {
        "type": "Project",
        "dependencies": {
          "Nethermind.Api": "[1.37.0-unstable, )",
          "Nethermind.Blockchain": "[1.37.0-unstable, )",
          "Nethermind.Consensus": "[1.37.0-unstable, )",
          "Nethermind.Core": "[1.37.0-unstable, )",
          "Nethermind.Crypto": "[1.37.0-unstable, )",
          "Nethermind.Serialization.Rlp": "[1.37.0-unstable, )",
          "Nethermind.Specs": "[1.37.0-unstable, )"
        }
      },
      "nethermind.core": {
        "type": "Project",
        "dependencies": {
          "Nethermind.Logging": "[1.37.0-unstable, )"
        }
      },
      "nethermind.crypto": {
        "type": "Project",
        "dependencies": {
          "Nethermind.Core": "[1.37.0-unstable, )",
          "Nethermind.Serialization.Rlp": "[1.37.0-unstable, )"
        }
      },
      "nethermind.db": {
        "type": "Project",
        "dependencies": {
          "Nethermind.Config": "[1.37.0-unstable, )",
          "Nethermind.Serialization.Rlp": "[1.37.0-unstable, )"
        }
      },
      "nethermind.db.rocks": {
        "type": "Project",
        "dependencies": {
          "Nethermind.Api": "[1.37.0-unstable, )",
          "Nethermind.Db": "[1.37.0-unstable, )"
        }
      },
      "nethermind.db.rpc": {
        "type": "Project",
        "dependencies": {
          "Nethermind.Db": "[1.37.0-unstable, )",
          "Nethermind.JsonRpc": "[1.37.0-unstable, )",
          "Nethermind.Serialization.Json": "[1.37.0-unstable, )",
          "Nethermind.State": "[1.37.0-unstable, )"
        }
      },
      "nethermind.era1": {
        "type": "Project",
        "dependencies": {
          "Nethermind.Api": "[1.37.0-unstable, )",
          "Nethermind.Blockchain": "[1.37.0-unstable, )",
          "Nethermind.Consensus": "[1.37.0-unstable, )",
          "Nethermind.Core": "[1.37.0-unstable, )",
          "Nethermind.JsonRpc": "[1.37.0-unstable, )",
          "Nethermind.Merkleization": "[1.37.0-unstable, )",
          "Nethermind.Serialization.Rlp": "[1.37.0-unstable, )",
          "Nethermind.Serialization.Ssz": "[1.37.0-unstable, )",
          "Nethermind.State": "[1.37.0-unstable, )"
        }
      },
      "nethermind.ethstats": {
        "type": "Project",
        "dependencies": {
          "Nethermind.Api": "[1.37.0-unstable, )",
          "Nethermind.Blockchain": "[1.37.0-unstable, )",
          "Nethermind.Core": "[1.37.0-unstable, )",
          "Nethermind.Init": "[1.37.0-unstable, )",
          "Nethermind.JsonRpc": "[1.37.0-unstable, )",
          "Nethermind.Logging": "[1.37.0-unstable, )",
          "Nethermind.Network": "[1.37.0-unstable, )"
        }
      },
      "nethermind.evm": {
        "type": "Project",
        "dependencies": {
          "Nethermind.Core": "[1.37.0-unstable, )",
          "Nethermind.Crypto": "[1.37.0-unstable, )",
          "Nethermind.Serialization.Rlp": "[1.37.0-unstable, )",
          "Nethermind.Specs": "[1.37.0-unstable, )"
        }
      },
      "nethermind.evm.precompiles": {
        "type": "Project",
        "dependencies": {
          "Nethermind.Core": "[1.37.0-unstable, )",
          "Nethermind.Crypto": "[1.37.0-unstable, )",
          "Nethermind.Evm": "[1.37.0-unstable, )",
          "Nethermind.Serialization.Rlp": "[1.37.0-unstable, )",
          "Nethermind.Specs": "[1.37.0-unstable, )"
        }
      },
      "nethermind.externalsigner.plugin": {
        "type": "Project",
        "dependencies": {
          "Nethermind.Api": "[1.37.0-unstable, )",
          "Nethermind.JsonRpc": "[1.37.0-unstable, )"
        }
      },
      "nethermind.facade": {
        "type": "Project",
        "dependencies": {
          "Nethermind.Consensus": "[1.37.0-unstable, )",
          "Nethermind.Core": "[1.37.0-unstable, )",
          "Nethermind.Crypto": "[1.37.0-unstable, )",
          "Nethermind.Synchronization": "[1.37.0-unstable, )"
        }
      },
      "nethermind.flashbots": {
        "type": "Project",
        "dependencies": {
          "Nethermind.Merge.Plugin": "[1.37.0-unstable, )"
        }
      },
      "nethermind.grpc": {
        "type": "Project",
        "dependencies": {
          "Nethermind.Config": "[1.37.0-unstable, )",
          "Nethermind.Core": "[1.37.0-unstable, )",
          "Nethermind.Serialization.Json": "[1.37.0-unstable, )"
        }
      },
      "nethermind.healthchecks": {
        "type": "Project",
        "dependencies": {
          "Nethermind.Api": "[1.37.0-unstable, )",
          "Nethermind.Merge.Plugin": "[1.37.0-unstable, )"
        }
      },
      "nethermind.history": {
        "type": "Project",
        "dependencies": {
          "Nethermind.Consensus": "[1.37.0-unstable, )"
        }
      },
      "nethermind.hive": {
        "type": "Project",
        "dependencies": {
          "Nethermind.Api": "[1.37.0-unstable, )",
          "Nethermind.Init": "[1.37.0-unstable, )"
        }
      },
      "nethermind.init": {
        "type": "Project",
        "dependencies": {
          "Nethermind.Api": "[1.37.0-unstable, )",
          "Nethermind.Db.Rocks": "[1.37.0-unstable, )",
          "Nethermind.Db.Rpc": "[1.37.0-unstable, )",
          "Nethermind.Era1": "[1.37.0-unstable, )",
          "Nethermind.Network.Discovery": "[1.37.0-unstable, )",
          "Nethermind.Network.Dns": "[1.37.0-unstable, )",
          "Nethermind.Network.Enr": "[1.37.0-unstable, )",
          "Nethermind.Specs": "[1.37.0-unstable, )"
        }
      },
      "nethermind.init.snapshot": {
        "type": "Project",
        "dependencies": {
          "Nethermind.Api": "[1.37.0-unstable, )",
          "Nethermind.Init": "[1.37.0-unstable, )"
        }
      },
      "nethermind.jsonrpc": {
        "type": "Project",
        "dependencies": {
          "Nethermind.Abi": "[1.37.0-unstable, )",
          "Nethermind.Blockchain": "[1.37.0-unstable, )",
          "Nethermind.Config": "[1.37.0-unstable, )",
          "Nethermind.Consensus": "[1.37.0-unstable, )",
          "Nethermind.Core": "[1.37.0-unstable, )",
          "Nethermind.Crypto": "[1.37.0-unstable, )",
          "Nethermind.Evm": "[1.37.0-unstable, )",
          "Nethermind.Facade": "[1.37.0-unstable, )",
          "Nethermind.Network.Dns": "[1.37.0-unstable, )",
          "Nethermind.Sockets": "[1.37.0-unstable, )",
          "Nethermind.Synchronization": "[1.37.0-unstable, )",
          "Nethermind.Wallet": "[1.37.0-unstable, )"
        }
      },
      "nethermind.jsonrpc.tracestore": {
        "type": "Project",
        "dependencies": {
          "Nethermind.Api": "[1.37.0-unstable, )",
          "Nethermind.Init": "[1.37.0-unstable, )"
        }
      },
      "nethermind.keystore": {
        "type": "Project",
        "dependencies": {
          "Nethermind.Config": "[1.37.0-unstable, )",
          "Nethermind.Core": "[1.37.0-unstable, )",
          "Nethermind.Crypto": "[1.37.0-unstable, )",
          "Nethermind.Serialization.Json": "[1.37.0-unstable, )"
        }
      },
      "nethermind.logging": {
        "type": "Project"
      },
      "nethermind.logging.nlog": {
        "type": "Project",
        "dependencies": {
          "Nethermind.Logging": "[1.37.0-unstable, )"
        }
      },
      "nethermind.merge.aura": {
        "type": "Project",
        "dependencies": {
          "Nethermind.Blockchain": "[1.37.0-unstable, )",
          "Nethermind.Consensus": "[1.37.0-unstable, )",
          "Nethermind.Consensus.AuRa": "[1.37.0-unstable, )",
          "Nethermind.Core": "[1.37.0-unstable, )",
          "Nethermind.Db": "[1.37.0-unstable, )",
          "Nethermind.Evm": "[1.37.0-unstable, )",
          "Nethermind.Merge.Plugin": "[1.37.0-unstable, )",
          "Nethermind.Specs": "[1.37.0-unstable, )",
          "Nethermind.State": "[1.37.0-unstable, )"
        }
      },
      "nethermind.merge.plugin": {
        "type": "Project",
        "dependencies": {
          "Nethermind.Api": "[1.37.0-unstable, )"
        }
      },
      "nethermind.merkleization": {
        "type": "Project",
        "dependencies": {
          "Nethermind.Core": "[1.37.0-unstable, )",
          "Nethermind.Serialization.Ssz": "[1.37.0-unstable, )"
        }
      },
      "nethermind.monitoring": {
        "type": "Project",
        "dependencies": {
          "Nethermind.Config": "[1.37.0-unstable, )",
          "Nethermind.Logging": "[1.37.0-unstable, )"
        }
      },
      "nethermind.network": {
        "type": "Project",
        "dependencies": {
          "Nethermind.Blockchain": "[1.37.0-unstable, )",
          "Nethermind.Config": "[1.37.0-unstable, )",
          "Nethermind.Core": "[1.37.0-unstable, )",
          "Nethermind.Crypto": "[1.37.0-unstable, )",
          "Nethermind.Network.Contract": "[1.37.0-unstable, )",
          "Nethermind.Network.Stats": "[1.37.0-unstable, )",
          "Nethermind.Synchronization": "[1.37.0-unstable, )"
        }
      },
      "nethermind.network.contract": {
        "type": "Project",
        "dependencies": {
          "Nethermind.Config": "[1.37.0-unstable, )"
        }
      },
      "nethermind.network.discovery": {
        "type": "Project",
        "dependencies": {
          "Nethermind.Api": "[1.37.0-unstable, )",
          "Nethermind.Crypto": "[1.37.0-unstable, )",
          "Nethermind.Facade": "[1.37.0-unstable, )",
          "Nethermind.Network": "[1.37.0-unstable, )",
          "Nethermind.Network.Enr": "[1.37.0-unstable, )"
        }
      },
      "nethermind.network.dns": {
        "type": "Project",
        "dependencies": {
          "Nethermind.Network": "[1.37.0-unstable, )",
          "Nethermind.Network.Enr": "[1.37.0-unstable, )"
        }
      },
      "nethermind.network.enr": {
        "type": "Project",
        "dependencies": {
          "Nethermind.Crypto": "[1.37.0-unstable, )",
          "Nethermind.Network": "[1.37.0-unstable, )"
        }
      },
      "nethermind.network.stats": {
        "type": "Project",
        "dependencies": {
          "Nethermind.Config": "[1.37.0-unstable, )",
          "Nethermind.Core": "[1.37.0-unstable, )",
          "Nethermind.Logging": "[1.37.0-unstable, )",
          "Nethermind.Network.Contract": "[1.37.0-unstable, )"
        }
      },
      "nethermind.optimism": {
        "type": "Project",
        "dependencies": {
          "Nethermind.Api": "[1.37.0-unstable, )",
          "Nethermind.Blockchain": "[1.37.0-unstable, )",
          "Nethermind.Consensus": "[1.37.0-unstable, )",
          "Nethermind.Core": "[1.37.0-unstable, )",
          "Nethermind.Init": "[1.37.0-unstable, )",
          "Nethermind.JsonRpc": "[1.37.0-unstable, )",
          "Nethermind.Merge.Plugin": "[1.37.0-unstable, )"
        }
      },
      "nethermind.seq": {
        "type": "Project",
        "dependencies": {
          "Nethermind.Config": "[1.37.0-unstable, )"
        }
      },
      "nethermind.serialization.json": {
        "type": "Project",
        "dependencies": {
          "Nethermind.Core": "[1.37.0-unstable, )"
        }
      },
      "nethermind.serialization.rlp": {
        "type": "Project",
        "dependencies": {
          "Nethermind.Core": "[1.37.0-unstable, )"
        }
      },
      "nethermind.serialization.ssz": {
        "type": "Project",
        "dependencies": {
          "Nethermind.Core": "[1.37.0-unstable, )"
        }
      },
      "nethermind.shutter": {
        "type": "Project",
        "dependencies": {
          "Nethermind.Blockchain": "[1.37.0-unstable, )",
          "Nethermind.Consensus": "[1.37.0-unstable, )",
          "Nethermind.Core": "[1.37.0-unstable, )",
          "Nethermind.Crypto": "[1.37.0-unstable, )",
          "Nethermind.Init": "[1.37.0-unstable, )",
          "Nethermind.Merge.Plugin": "[1.37.0-unstable, )",
          "Nethermind.Merkleization": "[1.37.0-unstable, )",
          "Nethermind.Network.Discovery": "[1.37.0-unstable, )",
          "Nethermind.Serialization.Ssz": "[1.37.0-unstable, )",
          "Nethermind.Specs": "[1.37.0-unstable, )"
        }
      },
      "nethermind.sockets": {
        "type": "Project",
        "dependencies": {
          "Nethermind.Core": "[1.37.0-unstable, )",
          "Nethermind.Logging": "[1.37.0-unstable, )",
          "Nethermind.Serialization.Json": "[1.37.0-unstable, )"
        }
      },
      "nethermind.specs": {
        "type": "Project",
        "dependencies": {
          "Nethermind.Config": "[1.37.0-unstable, )",
          "Nethermind.Core": "[1.37.0-unstable, )",
          "Nethermind.Serialization.Json": "[1.37.0-unstable, )"
        }
      },
      "nethermind.state": {
        "type": "Project",
        "dependencies": {
          "Nethermind.Core": "[1.37.0-unstable, )",
          "Nethermind.Db": "[1.37.0-unstable, )",
          "Nethermind.Evm": "[1.37.0-unstable, )",
          "Nethermind.Serialization.Rlp": "[1.37.0-unstable, )",
          "Nethermind.Trie": "[1.37.0-unstable, )"
        }
      },
      "nethermind.synchronization": {
        "type": "Project",
        "dependencies": {
          "Nethermind.Consensus": "[1.37.0-unstable, )",
          "Nethermind.History": "[1.37.0-unstable, )",
          "Nethermind.Logging": "[1.37.0-unstable, )",
          "Nethermind.Network.Contract": "[1.37.0-unstable, )",
          "Nethermind.Trie": "[1.37.0-unstable, )"
        }
      },
      "nethermind.taiko": {
        "type": "Project",
        "dependencies": {
          "Nethermind.Api": "[1.37.0-unstable, )",
          "Nethermind.Blockchain": "[1.37.0-unstable, )",
          "Nethermind.Consensus": "[1.37.0-unstable, )",
          "Nethermind.Core": "[1.37.0-unstable, )",
          "Nethermind.Evm": "[1.37.0-unstable, )",
          "Nethermind.Evm.Precompiles": "[1.37.0-unstable, )",
          "Nethermind.Init": "[1.37.0-unstable, )",
          "Nethermind.JsonRpc": "[1.37.0-unstable, )",
          "Nethermind.Logging": "[1.37.0-unstable, )",
          "Nethermind.Merge.Plugin": "[1.37.0-unstable, )",
          "Nethermind.Serialization.Json": "[1.37.0-unstable, )"
        }
      },
      "nethermind.trie": {
        "type": "Project",
        "dependencies": {
          "Nethermind.Core": "[1.37.0-unstable, )",
          "Nethermind.Db": "[1.37.0-unstable, )",
          "Nethermind.Serialization.Rlp": "[1.37.0-unstable, )"
        }
      },
      "nethermind.txpool": {
        "type": "Project",
        "dependencies": {
          "Nethermind.Config": "[1.37.0-unstable, )",
          "Nethermind.Core": "[1.37.0-unstable, )",
          "Nethermind.Crypto": "[1.37.0-unstable, )",
          "Nethermind.Db": "[1.37.0-unstable, )",
          "Nethermind.Evm": "[1.37.0-unstable, )",
          "Nethermind.Network.Contract": "[1.37.0-unstable, )",
          "Nethermind.State": "[1.37.0-unstable, )"
        }
      },
      "nethermind.upnp.plugin": {
        "type": "Project",
        "dependencies": {
          "Nethermind.Api": "[1.37.0-unstable, )"
        }
      },
      "nethermind.wallet": {
        "type": "Project",
        "dependencies": {
          "Nethermind.Core": "[1.37.0-unstable, )",
          "Nethermind.KeyStore": "[1.37.0-unstable, )",
          "Nethermind.Serialization.Rlp": "[1.37.0-unstable, )",
          "Nethermind.TxPool": "[1.37.0-unstable, )"
        }
      },
      "nethermind.xdc": {
        "type": "Project",
        "dependencies": {
          "Nethermind.Api": "[1.37.0-unstable, )",
          "Nethermind.Consensus": "[1.37.0-unstable, )",
          "Nethermind.Core": "[1.37.0-unstable, )",
          "Nethermind.Init": "[1.37.0-unstable, )"
        }
      }
    },
    "net10.0/linux-arm64": {},
    "net10.0/linux-x64": {},
    "net10.0/osx-arm64": {},
    "net10.0/osx-x64": {},
    "net10.0/win-x64": {}
  }
}