{
  "version": 2,
  "dependencies": {
    "net8.0": {
      "Google.Protobuf": {
        "type": "Direct",
        "requested": "[3.27.2, )",
        "resolved": "3.27.2",
        "contentHash": "0wdgA3LO9mBS477jieBFs4pU1sWhVtwv/P+i9nAEiFDQyUA7PPHDBbJL1CeqYtV18jLiq9og4n7wSVCO171OBg=="
      },
      "Google.Protobuf.Tools": {
        "type": "Direct",
        "requested": "[3.27.2, )",
        "resolved": "3.27.2",
        "contentHash": "T4/hN7t+FKc2HVB7eU8EkDzgepZFgdZWSy/Ro249FFHuOHczCu8MRzEsFUEurTlYX+SWva8dWnSJUGJmkqZ8Uw=="
      },
      "Grpc": {
        "type": "Direct",
        "requested": "[2.46.6, )",
        "resolved": "2.46.6",
        "contentHash": "vpC39vgCxbVBnsn8boeQv2aGIdEFqQMnjsoDvyYfr6tC93Fe9KqNG1mAiF6KLzJTwk6aiWHGNYE2EqmDUzk5ng==",
        "dependencies": {
          "Grpc.Core": "2.46.6"
        }
      },
      "Grpc.Tools": {
        "type": "Direct",
        "requested": "[2.65.0, )",
        "resolved": "2.65.0",
        "contentHash": "2HX7+tPCIXwx1nsyj2h0i703D8SM2CMTUqdjDHAsU3HmKKksMJ7K6x31Rhg9yLJsW76OJItyoD9fk7W3HP/Wgw=="
      },
      "Grpc.Core": {
        "type": "Transitive",
        "resolved": "2.46.6",
        "contentHash": "ZoRg3KmOJ2urTF4+u3H0b1Yv10xzz2Y/flFWS2tnRmj8dbKLeiJaSRqu4LOBD3ova90evqLkVZ85kUkC4JT4lw==",
        "dependencies": {
          "Grpc.Core.Api": "2.46.6",
          "System.Memory": "4.5.3"
        }
      },
      "Grpc.Core.Api": {
        "type": "Transitive",
        "resolved": "2.46.6",
        "contentHash": "Z7HJGqJYyKb53qfp1jf0wRDYs3sxOnkAFxXAW6q52LLmX/zxzjtFLI9eaWO5UC0weiWjn4iT1FzR+tj9qYZAMg==",
        "dependencies": {
          "System.Memory": "4.5.3"
        }
      },
      "Microsoft.ClearScript.Core": {
        "type": "Transitive",
        "resolved": "7.4.5",
        "contentHash": "CIZCty2L4mXy1xg77IbNPqsz2pS0ZsFVJZ5YolPB4j62xzvDuCFU/MKnTnKve67FGIWaB9w4LVV7YUEFmjEwzw=="
      },
      "Microsoft.ClearScript.V8.ICUData": {
        "type": "Transitive",
        "resolved": "7.4.5",
        "contentHash": "Ji6av4T2xtqZYp5Gm0MPxvez5V6s4NF/wflD8a49A/KOI3kJyPHcmL3xCRuhuHo24NbfQX6+f0YbTdwhd5VSvw=="
      },
      "Microsoft.IdentityModel.Abstractions": {
        "type": "Transitive",
        "resolved": "8.0.1",
        "contentHash": "OtlIWcyX01olfdevPKZdIPfBEvbcioDyBiE/Z2lHsopsMD7twcKtlN9kMevHmI5IIPhFpfwCIiR6qHQz1WHUIw=="
      },
      "Microsoft.IdentityModel.Logging": {
        "type": "Transitive",
        "resolved": "8.0.1",
        "contentHash": "UCPF2exZqBXe7v/6sGNiM6zCQOUXXQ9+v5VTb9gPB8ZSUPnX53BxlN78v2jsbIvK9Dq4GovQxo23x8JgWvm/Qg==",
        "dependencies": {
          "Microsoft.IdentityModel.Abstractions": "8.0.1"
        }
      },
      "Microsoft.IdentityModel.Tokens": {
        "type": "Transitive",
        "resolved": "8.0.1",
        "contentHash": "kDimB6Dkd3nkW2oZPDkMkVHfQt3IDqO5gL0oa8WVy3OP4uE8Ij+8TXnqg9TOd9ufjsY3IDiGz7pCUbnfL18tjg==",
        "dependencies": {
          "Microsoft.IdentityModel.Logging": "8.0.1"
        }
      },
      "Microsoft.NETCore.Platforms": {
        "type": "Transitive",
        "resolved": "1.1.0",
        "contentHash": "kz0PEW2lhqygehI/d6XsPCQzD7ff7gUJaVGPVETX611eadGsA3A877GdSlU0LRVMCTH/+P3o2iDTak+S08V2+A=="
      },
      "Microsoft.NETCore.Targets": {
        "type": "Transitive",
        "resolved": "1.1.0",
        "contentHash": "aOZA3BWfz9RXjpzt0sRJJMjAscAUm3Hoa4UWAfceV9UTYxgwZ1lZt5nO2myFf+/jetYQo4uTP7zS8sJY67BBxg=="
      },
      "Newtonsoft.Json": {
        "type": "Transitive",
        "resolved": "13.0.1",
        "contentHash": "ppPFpBcvxdsfUonNcvITKqLl3bqxWbDCZIzDWHzjpdAHRFfZe0Dw9HmA0+za13IdyrgJwpkDTDA9fHaxOrt20A=="
      },
      "System.Diagnostics.EventLog": {
        "type": "Transitive",
        "resolved": "8.0.0",
        "contentHash": "fdYxcRjQqTTacKId/2IECojlDSFvp7LP5N78+0z/xH7v/Tuw5ZAxu23Y6PTCRinqyu2ePx+Gn1098NC6jM6d+A=="
      },
      "System.Memory": {
        "type": "Transitive",
        "resolved": "4.5.3",
        "contentHash": "3oDzvc/zzetpTKWMShs1AADwZjQ/36HnsufHRPcOjyRAAMLDlu2iD33MBI2opxnezcVUtXyqDXXjoFMOU9c7SA=="
      },
      "System.Runtime": {
        "type": "Transitive",
        "resolved": "4.3.0",
        "contentHash": "JufQi0vPQ0xGnAczR13AUFglDyVYt4Kqnz1AZaiKZ5+GICq0/1MH/mO/eAJHt/mHW1zjKBJd7kV26SrxddAhiw==",
        "dependencies": {
          "Microsoft.NETCore.Platforms": "1.1.0",
          "Microsoft.NETCore.Targets": "1.1.0"
        }
      },
      "System.Runtime.CompilerServices.Unsafe": {
        "type": "Transitive",
        "resolved": "4.3.0",
        "contentHash": "rcnXA1U9W3QUtMSGoyoNHH6w4V5Rxa/EKXmzpORUYlDAlDB34hIQoU57ATXl8xHa83VvzRm6PcElEizgUd7U5w==",
        "dependencies": {
          "System.Runtime": "4.3.0"
        }
      },
      "TestableIO.System.IO.Abstractions": {
        "type": "Transitive",
        "resolved": "21.0.29",
        "contentHash": "3TtSs2i0m0QqpAI4EzR1vZXQuHNw5grBy0rDKqMkWi6ySEZ+yhN9HACgIyEq7gDXPLrtQI18ud/OtI0qVhP8Mg=="
      },
      "nethermind.config": {
        "type": "Project",
        "dependencies": {
          "Nethermind.Core": "[1.29.0-unstable, )",
          "NonBlocking": "[2.1.2, )",
          "System.Configuration.ConfigurationManager": "[8.0.0, )"
        }
      },
      "nethermind.core": {
        "type": "Project",
        "dependencies": {
          "FastEnum": "[1.8.0, )",
          "Microsoft.Extensions.ObjectPool": "[8.0.7, )",
          "Microsoft.IO.RecyclableMemoryStream": "[3.0.1, )",
          "Microsoft.IdentityModel.JsonWebTokens": "[8.0.1, )",
          "Nethermind.Crypto.SecP256k1": "[1.2.2, )",
          "Nethermind.Logging": "[1.29.0-unstable, )",
          "Nethermind.Numerics.Int256": "[1.2.0, )",
          "TestableIO.System.IO.Abstractions.Wrappers": "[21.0.29, )"
        }
      },
      "nethermind.logging": {
        "type": "Project"
      },
      "nethermind.serialization.json": {
        "type": "Project",
        "dependencies": {
          "Microsoft.ClearScript.V8": "[7.4.5, )",
          "Nethermind.Core": "[1.29.0-unstable, )",
          "System.IO.Pipelines": "[8.0.0, )"
        }
      },
      "FastEnum": {
        "type": "CentralTransitive",
        "requested": "[1.8.0, )",
        "resolved": "1.8.0",
        "contentHash": "cBVeGWLPPHyrVcJKpANXtw0CbVyb1Ltr7Lqc/HE/WktAgxKpVD3mFMbLT4IAa5cuM5oKv2zPt6ovT7AhZf4zsg=="
      },
      "Microsoft.ClearScript.V8": {
        "type": "CentralTransitive",
        "requested": "[7.4.5, )",
        "resolved": "7.4.5",
        "contentHash": "/czu8ho8xEiiLF806QP6Iwgp0aN5QE1B/MsXnIIMxiaM/KccD8AfSsM68lVuyW+boGqjF7zjoSlUKs/ERUoLOQ==",
        "dependencies": {
          "Microsoft.ClearScript.Core": "7.4.5",
          "Microsoft.ClearScript.V8.ICUData": "7.4.5",
          "Newtonsoft.Json": "13.0.1"
        }
      },
      "Microsoft.Extensions.ObjectPool": {
        "type": "CentralTransitive",
        "requested": "[8.0.7, )",
        "resolved": "8.0.7",
        "contentHash": "2yLweyqmpuuFSRo+I3sLHMxmnAgNcI537kBJiyv49U2ZEqo00jZcG8lrnD8uCiOJp9IklYyTZULtbsXoFVzsjQ=="
      },
      "Microsoft.IdentityModel.JsonWebTokens": {
        "type": "CentralTransitive",
        "requested": "[8.0.1, )",
        "resolved": "8.0.1",
        "contentHash": "s6++gF9x0rQApQzOBbSyp4jUaAlwm+DroKfL8gdOHxs83k8SJfUXhuc46rDB3rNXBQ1MVRxqKUrqFhO/M0E97g==",
        "dependencies": {
          "Microsoft.IdentityModel.Tokens": "8.0.1"
        }
      },
      "Microsoft.IO.RecyclableMemoryStream": {
        "type": "CentralTransitive",
        "requested": "[3.0.1, )",
        "resolved": "3.0.1",
        "contentHash": "s/s20YTVY9r9TPfTrN5g8zPF1YhwxyqO6PxUkrYTGI2B+OGPe9AdajWZrLhFqXIvqIW23fnUE4+ztrUWNU1+9g=="
      },
      "Nethermind.Crypto.SecP256k1": {
        "type": "CentralTransitive",
        "requested": "[1.2.2, )",
        "resolved": "1.2.2",
        "contentHash": "jxD3Ak39ojJ5uDV15YV/Zex8H6XsRyoIRALEHlIE8H3Rz7FIb1r0o39QC3u2noG/xmnaxQ/CCaGNdUfhUxinag=="
      },
      "Nethermind.Numerics.Int256": {
        "type": "CentralTransitive",
        "requested": "[1.2.0, )",
        "resolved": "1.2.0",
        "contentHash": "8wEQoVt1VMbzg9zaoRJnjeZBBqHz1fVQ9Q2g0WJ7Bm38iv6ZBG8jqN8W+h/eWuAV5J6cPdKgnvhZtfl7MCfkxA=="
      },
      "NonBlocking": {
        "type": "CentralTransitive",
        "requested": "[2.1.2, )",
        "resolved": "2.1.2",
        "contentHash": "yTP24PcuFmUw1RxQgYmIMxvpAJ1ciT/zv8Sb7OZHTuM/x9Tupz+DvEqeu9HykSYmI3/bGuy1ZZ7k/rZgfuIAuw==",
        "dependencies": {
          "System.Runtime.CompilerServices.Unsafe": "4.3.0"
        }
      },
      "System.Configuration.ConfigurationManager": {
        "type": "CentralTransitive",
        "requested": "[8.0.0, )",
        "resolved": "8.0.0",
        "contentHash": "JlYi9XVvIREURRUlGMr1F6vOFLk7YSY4p1vHo4kX3tQ0AGrjqlRWHDi66ImHhy6qwXBG3BJ6Y1QlYQ+Qz6Xgww==",
        "dependencies": {
          "System.Diagnostics.EventLog": "8.0.0",
          "System.Security.Cryptography.ProtectedData": "8.0.0"
        }
      },
      "System.IO.Pipelines": {
        "type": "CentralTransitive",
        "requested": "[8.0.0, )",
        "resolved": "8.0.0",
        "contentHash": "FHNOatmUq0sqJOkTx+UF/9YK1f180cnW5FVqnQMvYUN0elp6wFzbtPSiqbo1/ru8ICp43JM1i7kKkk6GsNGHlA=="
      },
      "System.Security.Cryptography.ProtectedData": {
        "type": "CentralTransitive",
        "requested": "[8.0.0, )",
        "resolved": "8.0.0",
        "contentHash": "+TUFINV2q2ifyXauQXRwy4CiBhqvDEDZeVJU7qfxya4aRYOKzVBpN+4acx25VcPB9ywUN6C0n8drWl110PhZEg=="
      },
      "TestableIO.System.IO.Abstractions.Wrappers": {
        "type": "CentralTransitive",
        "requested": "[21.0.29, )",
        "resolved": "21.0.29",
        "contentHash": "bm1stQx3rGV2qBW2xAAvl8ODVGNVkiAkqNsE+LsKfhMamBUa07IgsgMc9X/zBHc5yfAJOqJIUArQ56DDgwGyYA==",
        "dependencies": {
          "TestableIO.System.IO.Abstractions": "21.0.29"
        }
      }
    }
  }
}