
Microsoft Visual Studio Solution File, Format Version 12.00
# Visual Studio Version 16
VisualStudioVersion = 16.0.30011.22
MinimumVisualStudioVersion = 10.0.40219.1
Project("{9A19103F-16F7-4668-BE54-9A1E7A4F7556}") = "Nethermind.Baseline", "Nethermind.Baseline\Nethermind.Baseline.csproj", "{E3CA6610-B520-43EB-A12B-27A592C9CA68}"
EndProject
Project("{9A19103F-16F7-4668-BE54-9A1E7A4F7556}") = "Nethermind.Baseline.Test", "Nethermind.Baseline.Test\Nethermind.Baseline.Test.csproj", "{A9D4939D-2FCF-49C0-B514-2F46795C784B}"
EndProject
Project("{9A19103F-16F7-4668-BE54-9A1E7A4F7556}") = "Nethermind.Vault.Test", "Nethermind.Vault.Test\Nethermind.Vault.Test.csproj", "{0EE4FB9B-D1EE-4869-8381-EBD94ED2FD5E}"
EndProject
Project("{9A19103F-16F7-4668-BE54-9A1E7A4F7556}") = "Nethermind.Provide.Vault", "Nethermind.Provide.Vault\Nethermind.Provide.Vault.csproj", "{E88AB748-F764-4B8F-9BC8-4EDC0968CDCA}"
EndProject
Project("{2150E333-8FDC-42A3-9474-1A3956D46DE8}") = "Nethermind", "Nethermind", "{E4D07050-1288-4344-B79D-470C2DC86146}"
EndProject
Project("{9A19103F-16F7-4668-BE54-9A1E7A4F7556}") = "Nethermind.Abi", "Nethermind.Abi\Nethermind.Abi.csproj", "{3394242A-4B4A-4A05-B151-59830CC9B28E}"
EndProject
Project("{9A19103F-16F7-4668-BE54-9A1E7A4F7556}") = "Nethermind.Blockchain", "Nethermind.Blockchain\Nethermind.Blockchain.csproj", "{674A7D81-426C-40BF-9501-DE9D13910D37}"
EndProject
Project("{9A19103F-16F7-4668-BE54-9A1E7A4F7556}") = "Nethermind.Config", "Nethermind.Config\Nethermind.Config.csproj", "{3CB046C0-5FF3-4AC0-AD8A-268739B35AE8}"
EndProject
Project("{9A19103F-16F7-4668-BE54-9A1E7A4F7556}") = "Nethermind.TxPool", "Nethermind.TxPool\Nethermind.TxPool.csproj", "{0D591A18-CC59-4259-8D7B-3E84F13D55CB}"
EndProject
Project("{9A19103F-16F7-4668-BE54-9A1E7A4F7556}") = "Nethermind.JsonRpc.Test", "Nethermind.JsonRpc.Test\Nethermind.JsonRpc.Test.csproj", "{6327AFFF-11C7-49A8-AA18-923085FB9106}"
EndProject
Project("{9A19103F-16F7-4668-BE54-9A1E7A4F7556}") = "Nethermind.Core", "Nethermind.Core\Nethermind.Core.csproj", "{DA2E9025-963E-4300-A712-C8194B7983C6}"
EndProject
Project("{9A19103F-16F7-4668-BE54-9A1E7A4F7556}") = "Nethermind.Facade", "Nethermind.Facade\Nethermind.Facade.csproj", "{53EDFB1F-5AC3-408F-B60B-3030CD76E283}"
EndProject
Project("{9A19103F-16F7-4668-BE54-9A1E7A4F7556}") = "Nethermind.JsonRpc", "Nethermind.JsonRpc\Nethermind.JsonRpc.csproj", "{7AD34419-DAB7-4277-BFF4-981D881E0B31}"
EndProject
Project("{9A19103F-16F7-4668-BE54-9A1E7A4F7556}") = "Nethermind.Wallet", "Nethermind.Wallet\Nethermind.Wallet.csproj", "{A2C71F4A-FC08-428C-8113-5D13490DF4DC}"
EndProject
Project("{9A19103F-16F7-4668-BE54-9A1E7A4F7556}") = "Nethermind.Cli", "Nethermind.Cli\Nethermind.Cli.csproj", "{5E62C0BD-2B38-4195-AB9B-FF2927B54A2C}"
EndProject
Project("{9A19103F-16F7-4668-BE54-9A1E7A4F7556}") = "Nethermind.Baseline.Plugin", "Nethermind.Baseline.Plugin\Nethermind.Baseline.Plugin.csproj", "{C978A054-BB44-4F47-B8D7-29F6CF076CEE}"
EndProject
Project("{9A19103F-16F7-4668-BE54-9A1E7A4F7556}") = "Nethermind.Api", "Nethermind.Api\Nethermind.Api.csproj", "{9DFE98E5-BC3D-44F0-9198-ABF1837ED989}"
EndProject
Project("{9A19103F-16F7-4668-BE54-9A1E7A4F7556}") = "Nethermind.Runner", "Nethermind.Runner\Nethermind.Runner.csproj", "{30FEC93A-D590-4AA1-945D-5A44A3003199}"
EndProject
Project("{9A19103F-16F7-4668-BE54-9A1E7A4F7556}") = "Nethermind.KeyStore", "Nethermind.KeyStore\Nethermind.KeyStore.csproj", "{EA894A65-CE2E-4193-BEFD-CAF1B49D35F9}"
EndProject
Project("{9A19103F-16F7-4668-BE54-9A1E7A4F7556}") = "Nethermind.Core.Test", "Nethermind.Core.Test\Nethermind.Core.Test.csproj", "{E4DFFF98-2AB5-4BAF-A40C-EC32DFE13E2B}"
EndProject
Project("{9A19103F-16F7-4668-BE54-9A1E7A4F7556}") = "Nethermind.Consensus.AuRa", "Nethermind.Consensus.AuRa\Nethermind.Consensus.AuRa.csproj", "{E8B3DD70-7BB2-4CF2-A26D-F375D831DE45}"
EndProject
Project("{9A19103F-16F7-4668-BE54-9A1E7A4F7556}") = "Nethermind.Baseline.Benchmark", "Nethermind.Baseline.Benchmark\Nethermind.Baseline.Benchmark.csproj", "{13746112-5DEC-42CC-93D4-B9B01F67DF9E}"
EndProject
Project("{9A19103F-16F7-4668-BE54-9A1E7A4F7556}") = "Nethermind.Consensus", "Nethermind.Consensus\Nethermind.Consensus.csproj", "{BF9CA071-EC56-49CE-93F5-0EFAFBE29A02}"
EndProject
Project("{9A19103F-16F7-4668-BE54-9A1E7A4F7556}") = "Nethermind.Synchronization", "Nethermind.Synchronization\Nethermind.Synchronization.csproj", "{FBB92690-C449-4814-B678-C43618FA834B}"
EndProject
Project("{9A19103F-16F7-4668-BE54-9A1E7A4F7556}") = "Nethermind.Db", "Nethermind.Db\Nethermind.Db.csproj", "{DD343C66-E154-494E-BC01-1B66BA345DDE}"
EndProject
Project("{9A19103F-16F7-4668-BE54-9A1E7A4F7556}") = "Nethermind.Config.Test", "Nethermind.Config.Test\Nethermind.Config.Test.csproj", "{964B7AB0-A507-4763-866B-C61D80266DEF}"
EndProject
Project("{9A19103F-16F7-4668-BE54-9A1E7A4F7556}") = "Nethermind.Db.Rocks", "Nethermind.Db.Rocks\Nethermind.Db.Rocks.csproj", "{328856A0-914B-4F2F-9E77-9BA2A7F1C621}"
EndProject
Project("{9A19103F-16F7-4668-BE54-9A1E7A4F7556}") = "Nethermind.HashLib", "Nethermind.HashLib\Nethermind.HashLib.csproj", "{3D1257A1-2981-48DB-BD41-BBE9C83B5316}"
EndProject
Project("{9A19103F-16F7-4668-BE54-9A1E7A4F7556}") = "Nethermind.Int256", "..\int256\src\Nethermind.Int256\Nethermind.Int256.csproj", "{D91B6626-AAFF-4BAB-9A1A-C35D914246C7}"
EndProject
Project("{9A19103F-16F7-4668-BE54-9A1E7A4F7556}") = "Nethermind.Logging", "Nethermind.Logging\Nethermind.Logging.csproj", "{C8BB54D9-300C-476B-B38B-7795C830CD76}"
EndProject
Project("{9A19103F-16F7-4668-BE54-9A1E7A4F7556}") = "Nethermind.Native", "Nethermind.Native\Nethermind.Native.csproj", "{29C4A00C-30F9-421A-BF18-7060602C7EEB}"
EndProject
Project("{9A19103F-16F7-4668-BE54-9A1E7A4F7556}") = "Nethermind.Secp256k1", "Nethermind.Secp256k1\Nethermind.Secp256k1.csproj", "{F53D4760-545A-4086-AE9D-7A0285791413}"
EndProject
Project("{9A19103F-16F7-4668-BE54-9A1E7A4F7556}") = "Nethermind.Serialization.Json", "Nethermind.Serialization.Json\Nethermind.Serialization.Json.csproj", "{7604D94F-A578-4AE4-BFFB-B4EEA5F69E90}"
EndProject
Project("{9A19103F-16F7-4668-BE54-9A1E7A4F7556}") = "Nethermind.Serialization.Rlp", "Nethermind.Serialization.Rlp\Nethermind.Serialization.Rlp.csproj", "{76831042-7D02-4623-85D7-2B31CA016D11}"
EndProject
Project("{9A19103F-16F7-4668-BE54-9A1E7A4F7556}") = "Nethermind.Crypto", "Nethermind.Crypto\Nethermind.Crypto.csproj", "{03695654-A00D-4DEA-B206-614D4DDC3994}"
EndProject
Project("{9A19103F-16F7-4668-BE54-9A1E7A4F7556}") = "Nethermind.Specs", "Nethermind.Specs\Nethermind.Specs.csproj", "{835D1B0F-88C9-4B9D-B4AA-CA8C3AC52B71}"
EndProject
Project("{9A19103F-16F7-4668-BE54-9A1E7A4F7556}") = "Nethermind.State", "Nethermind.State\Nethermind.State.csproj", "{1C96CA8D-3246-4D3F-BA1C-2B1AA127881A}"
EndProject
Project("{9A19103F-16F7-4668-BE54-9A1E7A4F7556}") = "Nethermind.Trie", "Nethermind.Trie\Nethermind.Trie.csproj", "{1AD92760-FC0B-4ADE-9773-F1BDDBC6A2B9}"
EndProject
Project("{9A19103F-16F7-4668-BE54-9A1E7A4F7556}") = "Nethermind.Evm", "Nethermind.Evm\Nethermind.Evm.csproj", "{74736ABD-55E6-4EDF-BFE9-15821EE8937E}"
EndProject
Project("{9A19103F-16F7-4668-BE54-9A1E7A4F7556}") = "Nethermind.Network.Stats", "Nethermind.Network.Stats\Nethermind.Network.Stats.csproj", "{3444C045-AA40-4241-B695-33ED37CACD64}"
EndProject
Project("{9A19103F-16F7-4668-BE54-9A1E7A4F7556}") = "Nethermind.PubSub", "Nethermind.PubSub\Nethermind.PubSub.csproj", "{A913DB39-865B-4162-B279-16654B20D949}"
EndProject
Project("{9A19103F-16F7-4668-BE54-9A1E7A4F7556}") = "Nethermind.WebSockets", "Nethermind.WebSockets\Nethermind.WebSockets.csproj", "{3C731BA7-F932-4771-A890-7FB4AB10F80F}"
EndProject
Project("{9A19103F-16F7-4668-BE54-9A1E7A4F7556}") = "Nethermind.Network", "Nethermind.Network\Nethermind.Network.csproj", "{B34B5EC6-1810-4961-9CF4-4A96B286B6E1}"
EndProject
Project("{9A19103F-16F7-4668-BE54-9A1E7A4F7556}") = "Nethermind.Grpc", "Nethermind.Grpc\Nethermind.Grpc.csproj", "{B404F580-428B-440A-B7AE-A2B846F9568F}"
EndProject
Project("{9A19103F-16F7-4668-BE54-9A1E7A4F7556}") = "Nethermind.Monitoring", "Nethermind.Monitoring\Nethermind.Monitoring.csproj", "{DFDD625C-04B4-41BC-AC5F-3F9EBFA08248}"
EndProject
Project("{FAE04EC0-301F-11D3-BF4B-00C04F79EFBC}") = "Nethermind.Runner.Test", "Nethermind.Runner.Test\Nethermind.Runner.Test.csproj", "{C50317E4-E5C8-4B33-9D27-82FB0840E1B8}"
EndProject
Project("{FAE04EC0-301F-11D3-BF4B-00C04F79EFBC}") = "Nethermind.Analytics", "Nethermind.Analytics\Nethermind.Analytics.csproj", "{A59A7F43-E20A-42E6-97A6-7EE3B844EF43}"
EndProject
Global
	GlobalSection(SolutionConfigurationPlatforms) = preSolution
		Debug|Any CPU = Debug|Any CPU
		Release|Any CPU = Release|Any CPU
	EndGlobalSection
	GlobalSection(ProjectConfigurationPlatforms) = postSolution
		{E3CA6610-B520-43EB-A12B-27A592C9CA68}.Debug|Any CPU.ActiveCfg = Debug|Any CPU
		{E3CA6610-B520-43EB-A12B-27A592C9CA68}.Debug|Any CPU.Build.0 = Debug|Any CPU
		{E3CA6610-B520-43EB-A12B-27A592C9CA68}.Release|Any CPU.ActiveCfg = Release|Any CPU
		{E3CA6610-B520-43EB-A12B-27A592C9CA68}.Release|Any CPU.Build.0 = Release|Any CPU
		{A9D4939D-2FCF-49C0-B514-2F46795C784B}.Debug|Any CPU.ActiveCfg = Debug|Any CPU
		{A9D4939D-2FCF-49C0-B514-2F46795C784B}.Debug|Any CPU.Build.0 = Debug|Any CPU
		{A9D4939D-2FCF-49C0-B514-2F46795C784B}.Release|Any CPU.ActiveCfg = Release|Any CPU
		{A9D4939D-2FCF-49C0-B514-2F46795C784B}.Release|Any CPU.Build.0 = Release|Any CPU
		{0EE4FB9B-D1EE-4869-8381-EBD94ED2FD5E}.Debug|Any CPU.ActiveCfg = Debug|Any CPU
		{0EE4FB9B-D1EE-4869-8381-EBD94ED2FD5E}.Debug|Any CPU.Build.0 = Debug|Any CPU
		{0EE4FB9B-D1EE-4869-8381-EBD94ED2FD5E}.Release|Any CPU.ActiveCfg = Release|Any CPU
		{0EE4FB9B-D1EE-4869-8381-EBD94ED2FD5E}.Release|Any CPU.Build.0 = Release|Any CPU
		{E88AB748-F764-4B8F-9BC8-4EDC0968CDCA}.Debug|Any CPU.ActiveCfg = Debug|Any CPU
		{E88AB748-F764-4B8F-9BC8-4EDC0968CDCA}.Debug|Any CPU.Build.0 = Debug|Any CPU
		{E88AB748-F764-4B8F-9BC8-4EDC0968CDCA}.Release|Any CPU.ActiveCfg = Release|Any CPU
		{E88AB748-F764-4B8F-9BC8-4EDC0968CDCA}.Release|Any CPU.Build.0 = Release|Any CPU
		{3394242A-4B4A-4A05-B151-59830CC9B28E}.Debug|Any CPU.ActiveCfg = Debug|Any CPU
		{3394242A-4B4A-4A05-B151-59830CC9B28E}.Debug|Any CPU.Build.0 = Debug|Any CPU
		{3394242A-4B4A-4A05-B151-59830CC9B28E}.Release|Any CPU.ActiveCfg = Release|Any CPU
		{3394242A-4B4A-4A05-B151-59830CC9B28E}.Release|Any CPU.Build.0 = Release|Any CPU
		{674A7D81-426C-40BF-9501-DE9D13910D37}.Debug|Any CPU.ActiveCfg = Debug|Any CPU
		{674A7D81-426C-40BF-9501-DE9D13910D37}.Debug|Any CPU.Build.0 = Debug|Any CPU
		{674A7D81-426C-40BF-9501-DE9D13910D37}.Release|Any CPU.ActiveCfg = Release|Any CPU
		{674A7D81-426C-40BF-9501-DE9D13910D37}.Release|Any CPU.Build.0 = Release|Any CPU
		{3CB046C0-5FF3-4AC0-AD8A-268739B35AE8}.Debug|Any CPU.ActiveCfg = Debug|Any CPU
		{3CB046C0-5FF3-4AC0-AD8A-268739B35AE8}.Debug|Any CPU.Build.0 = Debug|Any CPU
		{3CB046C0-5FF3-4AC0-AD8A-268739B35AE8}.Release|Any CPU.ActiveCfg = Release|Any CPU
		{3CB046C0-5FF3-4AC0-AD8A-268739B35AE8}.Release|Any CPU.Build.0 = Release|Any CPU
		{0D591A18-CC59-4259-8D7B-3E84F13D55CB}.Debug|Any CPU.ActiveCfg = Debug|Any CPU
		{0D591A18-CC59-4259-8D7B-3E84F13D55CB}.Debug|Any CPU.Build.0 = Debug|Any CPU
		{0D591A18-CC59-4259-8D7B-3E84F13D55CB}.Release|Any CPU.ActiveCfg = Release|Any CPU
		{0D591A18-CC59-4259-8D7B-3E84F13D55CB}.Release|Any CPU.Build.0 = Release|Any CPU
		{6327AFFF-11C7-49A8-AA18-923085FB9106}.Debug|Any CPU.ActiveCfg = Debug|Any CPU
		{6327AFFF-11C7-49A8-AA18-923085FB9106}.Debug|Any CPU.Build.0 = Debug|Any CPU
		{6327AFFF-11C7-49A8-AA18-923085FB9106}.Release|Any CPU.ActiveCfg = Release|Any CPU
		{6327AFFF-11C7-49A8-AA18-923085FB9106}.Release|Any CPU.Build.0 = Release|Any CPU
		{DA2E9025-963E-4300-A712-C8194B7983C6}.Debug|Any CPU.ActiveCfg = Debug|Any CPU
		{DA2E9025-963E-4300-A712-C8194B7983C6}.Debug|Any CPU.Build.0 = Debug|Any CPU
		{DA2E9025-963E-4300-A712-C8194B7983C6}.Release|Any CPU.ActiveCfg = Release|Any CPU
		{DA2E9025-963E-4300-A712-C8194B7983C6}.Release|Any CPU.Build.0 = Release|Any CPU
		{53EDFB1F-5AC3-408F-B60B-3030CD76E283}.Debug|Any CPU.ActiveCfg = Debug|Any CPU
		{53EDFB1F-5AC3-408F-B60B-3030CD76E283}.Debug|Any CPU.Build.0 = Debug|Any CPU
		{53EDFB1F-5AC3-408F-B60B-3030CD76E283}.Release|Any CPU.ActiveCfg = Release|Any CPU
		{53EDFB1F-5AC3-408F-B60B-3030CD76E283}.Release|Any CPU.Build.0 = Release|Any CPU
		{7AD34419-DAB7-4277-BFF4-981D881E0B31}.Debug|Any CPU.ActiveCfg = Debug|Any CPU
		{7AD34419-DAB7-4277-BFF4-981D881E0B31}.Debug|Any CPU.Build.0 = Debug|Any CPU
		{7AD34419-DAB7-4277-BFF4-981D881E0B31}.Release|Any CPU.ActiveCfg = Release|Any CPU
		{7AD34419-DAB7-4277-BFF4-981D881E0B31}.Release|Any CPU.Build.0 = Release|Any CPU
		{A2C71F4A-FC08-428C-8113-5D13490DF4DC}.Debug|Any CPU.ActiveCfg = Debug|Any CPU
		{A2C71F4A-FC08-428C-8113-5D13490DF4DC}.Debug|Any CPU.Build.0 = Debug|Any CPU
		{A2C71F4A-FC08-428C-8113-5D13490DF4DC}.Release|Any CPU.ActiveCfg = Release|Any CPU
		{A2C71F4A-FC08-428C-8113-5D13490DF4DC}.Release|Any CPU.Build.0 = Release|Any CPU
		{5E62C0BD-2B38-4195-AB9B-FF2927B54A2C}.Debug|Any CPU.ActiveCfg = Debug|Any CPU
		{5E62C0BD-2B38-4195-AB9B-FF2927B54A2C}.Debug|Any CPU.Build.0 = Debug|Any CPU
		{5E62C0BD-2B38-4195-AB9B-FF2927B54A2C}.Release|Any CPU.ActiveCfg = Release|Any CPU
		{5E62C0BD-2B38-4195-AB9B-FF2927B54A2C}.Release|Any CPU.Build.0 = Release|Any CPU
		{C978A054-BB44-4F47-B8D7-29F6CF076CEE}.Debug|Any CPU.ActiveCfg = Debug|Any CPU
		{C978A054-BB44-4F47-B8D7-29F6CF076CEE}.Debug|Any CPU.Build.0 = Debug|Any CPU
		{C978A054-BB44-4F47-B8D7-29F6CF076CEE}.Release|Any CPU.ActiveCfg = Release|Any CPU
		{C978A054-BB44-4F47-B8D7-29F6CF076CEE}.Release|Any CPU.Build.0 = Release|Any CPU
		{9DFE98E5-BC3D-44F0-9198-ABF1837ED989}.Debug|Any CPU.ActiveCfg = Debug|Any CPU
		{9DFE98E5-BC3D-44F0-9198-ABF1837ED989}.Debug|Any CPU.Build.0 = Debug|Any CPU
		{9DFE98E5-BC3D-44F0-9198-ABF1837ED989}.Release|Any CPU.ActiveCfg = Release|Any CPU
		{9DFE98E5-BC3D-44F0-9198-ABF1837ED989}.Release|Any CPU.Build.0 = Release|Any CPU
		{30FEC93A-D590-4AA1-945D-5A44A3003199}.Debug|Any CPU.ActiveCfg = Debug|Any CPU
		{30FEC93A-D590-4AA1-945D-5A44A3003199}.Debug|Any CPU.Build.0 = Debug|Any CPU
		{30FEC93A-D590-4AA1-945D-5A44A3003199}.Release|Any CPU.ActiveCfg = Release|Any CPU
		{30FEC93A-D590-4AA1-945D-5A44A3003199}.Release|Any CPU.Build.0 = Release|Any CPU
		{EA894A65-CE2E-4193-BEFD-CAF1B49D35F9}.Debug|Any CPU.ActiveCfg = Debug|Any CPU
		{EA894A65-CE2E-4193-BEFD-CAF1B49D35F9}.Debug|Any CPU.Build.0 = Debug|Any CPU
		{EA894A65-CE2E-4193-BEFD-CAF1B49D35F9}.Release|Any CPU.ActiveCfg = Release|Any CPU
		{EA894A65-CE2E-4193-BEFD-CAF1B49D35F9}.Release|Any CPU.Build.0 = Release|Any CPU
		{E4DFFF98-2AB5-4BAF-A40C-EC32DFE13E2B}.Debug|Any CPU.ActiveCfg = Debug|Any CPU
		{E4DFFF98-2AB5-4BAF-A40C-EC32DFE13E2B}.Debug|Any CPU.Build.0 = Debug|Any CPU
		{E4DFFF98-2AB5-4BAF-A40C-EC32DFE13E2B}.Release|Any CPU.ActiveCfg = Release|Any CPU
		{E4DFFF98-2AB5-4BAF-A40C-EC32DFE13E2B}.Release|Any CPU.Build.0 = Release|Any CPU
		{E8B3DD70-7BB2-4CF2-A26D-F375D831DE45}.Debug|Any CPU.ActiveCfg = Debug|Any CPU
		{E8B3DD70-7BB2-4CF2-A26D-F375D831DE45}.Debug|Any CPU.Build.0 = Debug|Any CPU
		{E8B3DD70-7BB2-4CF2-A26D-F375D831DE45}.Release|Any CPU.ActiveCfg = Release|Any CPU
		{E8B3DD70-7BB2-4CF2-A26D-F375D831DE45}.Release|Any CPU.Build.0 = Release|Any CPU
		{13746112-5DEC-42CC-93D4-B9B01F67DF9E}.Debug|Any CPU.ActiveCfg = Debug|Any CPU
		{13746112-5DEC-42CC-93D4-B9B01F67DF9E}.Debug|Any CPU.Build.0 = Debug|Any CPU
		{13746112-5DEC-42CC-93D4-B9B01F67DF9E}.Release|Any CPU.ActiveCfg = Release|Any CPU
		{13746112-5DEC-42CC-93D4-B9B01F67DF9E}.Release|Any CPU.Build.0 = Release|Any CPU
		{BF9CA071-EC56-49CE-93F5-0EFAFBE29A02}.Debug|Any CPU.ActiveCfg = Debug|Any CPU
		{BF9CA071-EC56-49CE-93F5-0EFAFBE29A02}.Debug|Any CPU.Build.0 = Debug|Any CPU
		{BF9CA071-EC56-49CE-93F5-0EFAFBE29A02}.Release|Any CPU.ActiveCfg = Release|Any CPU
		{BF9CA071-EC56-49CE-93F5-0EFAFBE29A02}.Release|Any CPU.Build.0 = Release|Any CPU
		{FBB92690-C449-4814-B678-C43618FA834B}.Debug|Any CPU.ActiveCfg = Debug|Any CPU
		{FBB92690-C449-4814-B678-C43618FA834B}.Debug|Any CPU.Build.0 = Debug|Any CPU
		{FBB92690-C449-4814-B678-C43618FA834B}.Release|Any CPU.ActiveCfg = Release|Any CPU
		{FBB92690-C449-4814-B678-C43618FA834B}.Release|Any CPU.Build.0 = Release|Any CPU
		{DD343C66-E154-494E-BC01-1B66BA345DDE}.Debug|Any CPU.ActiveCfg = Debug|Any CPU
		{DD343C66-E154-494E-BC01-1B66BA345DDE}.Debug|Any CPU.Build.0 = Debug|Any CPU
		{DD343C66-E154-494E-BC01-1B66BA345DDE}.Release|Any CPU.ActiveCfg = Release|Any CPU
		{DD343C66-E154-494E-BC01-1B66BA345DDE}.Release|Any CPU.Build.0 = Release|Any CPU
		{964B7AB0-A507-4763-866B-C61D80266DEF}.Debug|Any CPU.ActiveCfg = Debug|Any CPU
		{964B7AB0-A507-4763-866B-C61D80266DEF}.Debug|Any CPU.Build.0 = Debug|Any CPU
		{964B7AB0-A507-4763-866B-C61D80266DEF}.Release|Any CPU.ActiveCfg = Release|Any CPU
		{964B7AB0-A507-4763-866B-C61D80266DEF}.Release|Any CPU.Build.0 = Release|Any CPU
		{328856A0-914B-4F2F-9E77-9BA2A7F1C621}.Debug|Any CPU.ActiveCfg = Debug|Any CPU
		{328856A0-914B-4F2F-9E77-9BA2A7F1C621}.Debug|Any CPU.Build.0 = Debug|Any CPU
		{328856A0-914B-4F2F-9E77-9BA2A7F1C621}.Release|Any CPU.ActiveCfg = Release|Any CPU
		{328856A0-914B-4F2F-9E77-9BA2A7F1C621}.Release|Any CPU.Build.0 = Release|Any CPU
		{3D1257A1-2981-48DB-BD41-BBE9C83B5316}.Debug|Any CPU.ActiveCfg = Debug|Any CPU
		{3D1257A1-2981-48DB-BD41-BBE9C83B5316}.Debug|Any CPU.Build.0 = Debug|Any CPU
		{3D1257A1-2981-48DB-BD41-BBE9C83B5316}.Release|Any CPU.ActiveCfg = Release|Any CPU
		{3D1257A1-2981-48DB-BD41-BBE9C83B5316}.Release|Any CPU.Build.0 = Release|Any CPU
		{D91B6626-AAFF-4BAB-9A1A-C35D914246C7}.Debug|Any CPU.ActiveCfg = Debug|Any CPU
		{D91B6626-AAFF-4BAB-9A1A-C35D914246C7}.Debug|Any CPU.Build.0 = Debug|Any CPU
		{D91B6626-AAFF-4BAB-9A1A-C35D914246C7}.Release|Any CPU.ActiveCfg = Release|Any CPU
		{D91B6626-AAFF-4BAB-9A1A-C35D914246C7}.Release|Any CPU.Build.0 = Release|Any CPU
		{C8BB54D9-300C-476B-B38B-7795C830CD76}.Debug|Any CPU.ActiveCfg = Debug|Any CPU
		{C8BB54D9-300C-476B-B38B-7795C830CD76}.Debug|Any CPU.Build.0 = Debug|Any CPU
		{C8BB54D9-300C-476B-B38B-7795C830CD76}.Release|Any CPU.ActiveCfg = Release|Any CPU
		{C8BB54D9-300C-476B-B38B-7795C830CD76}.Release|Any CPU.Build.0 = Release|Any CPU
		{29C4A00C-30F9-421A-BF18-7060602C7EEB}.Debug|Any CPU.ActiveCfg = Debug|Any CPU
		{29C4A00C-30F9-421A-BF18-7060602C7EEB}.Debug|Any CPU.Build.0 = Debug|Any CPU
		{29C4A00C-30F9-421A-BF18-7060602C7EEB}.Release|Any CPU.ActiveCfg = Release|Any CPU
		{29C4A00C-30F9-421A-BF18-7060602C7EEB}.Release|Any CPU.Build.0 = Release|Any CPU
		{F53D4760-545A-4086-AE9D-7A0285791413}.Debug|Any CPU.ActiveCfg = Debug|Any CPU
		{F53D4760-545A-4086-AE9D-7A0285791413}.Debug|Any CPU.Build.0 = Debug|Any CPU
		{F53D4760-545A-4086-AE9D-7A0285791413}.Release|Any CPU.ActiveCfg = Release|Any CPU
		{F53D4760-545A-4086-AE9D-7A0285791413}.Release|Any CPU.Build.0 = Release|Any CPU
		{7604D94F-A578-4AE4-BFFB-B4EEA5F69E90}.Debug|Any CPU.ActiveCfg = Debug|Any CPU
		{7604D94F-A578-4AE4-BFFB-B4EEA5F69E90}.Debug|Any CPU.Build.0 = Debug|Any CPU
		{7604D94F-A578-4AE4-BFFB-B4EEA5F69E90}.Release|Any CPU.ActiveCfg = Release|Any CPU
		{7604D94F-A578-4AE4-BFFB-B4EEA5F69E90}.Release|Any CPU.Build.0 = Release|Any CPU
		{76831042-7D02-4623-85D7-2B31CA016D11}.Debug|Any CPU.ActiveCfg = Debug|Any CPU
		{76831042-7D02-4623-85D7-2B31CA016D11}.Debug|Any CPU.Build.0 = Debug|Any CPU
		{76831042-7D02-4623-85D7-2B31CA016D11}.Release|Any CPU.ActiveCfg = Release|Any CPU
		{76831042-7D02-4623-85D7-2B31CA016D11}.Release|Any CPU.Build.0 = Release|Any CPU
		{03695654-A00D-4DEA-B206-614D4DDC3994}.Debug|Any CPU.ActiveCfg = Debug|Any CPU
		{03695654-A00D-4DEA-B206-614D4DDC3994}.Debug|Any CPU.Build.0 = Debug|Any CPU
		{03695654-A00D-4DEA-B206-614D4DDC3994}.Release|Any CPU.ActiveCfg = Release|Any CPU
		{03695654-A00D-4DEA-B206-614D4DDC3994}.Release|Any CPU.Build.0 = Release|Any CPU
		{835D1B0F-88C9-4B9D-B4AA-CA8C3AC52B71}.Debug|Any CPU.ActiveCfg = Debug|Any CPU
		{835D1B0F-88C9-4B9D-B4AA-CA8C3AC52B71}.Debug|Any CPU.Build.0 = Debug|Any CPU
		{835D1B0F-88C9-4B9D-B4AA-CA8C3AC52B71}.Release|Any CPU.ActiveCfg = Release|Any CPU
		{835D1B0F-88C9-4B9D-B4AA-CA8C3AC52B71}.Release|Any CPU.Build.0 = Release|Any CPU
		{1C96CA8D-3246-4D3F-BA1C-2B1AA127881A}.Debug|Any CPU.ActiveCfg = Debug|Any CPU
		{1C96CA8D-3246-4D3F-BA1C-2B1AA127881A}.Debug|Any CPU.Build.0 = Debug|Any CPU
		{1C96CA8D-3246-4D3F-BA1C-2B1AA127881A}.Release|Any CPU.ActiveCfg = Release|Any CPU
		{1C96CA8D-3246-4D3F-BA1C-2B1AA127881A}.Release|Any CPU.Build.0 = Release|Any CPU
		{1AD92760-FC0B-4ADE-9773-F1BDDBC6A2B9}.Debug|Any CPU.ActiveCfg = Debug|Any CPU
		{1AD92760-FC0B-4ADE-9773-F1BDDBC6A2B9}.Debug|Any CPU.Build.0 = Debug|Any CPU
		{1AD92760-FC0B-4ADE-9773-F1BDDBC6A2B9}.Release|Any CPU.ActiveCfg = Release|Any CPU
		{1AD92760-FC0B-4ADE-9773-F1BDDBC6A2B9}.Release|Any CPU.Build.0 = Release|Any CPU
		{74736ABD-55E6-4EDF-BFE9-15821EE8937E}.Debug|Any CPU.ActiveCfg = Debug|Any CPU
		{74736ABD-55E6-4EDF-BFE9-15821EE8937E}.Debug|Any CPU.Build.0 = Debug|Any CPU
		{74736ABD-55E6-4EDF-BFE9-15821EE8937E}.Release|Any CPU.ActiveCfg = Release|Any CPU
		{74736ABD-55E6-4EDF-BFE9-15821EE8937E}.Release|Any CPU.Build.0 = Release|Any CPU
		{3444C045-AA40-4241-B695-33ED37CACD64}.Debug|Any CPU.ActiveCfg = Debug|Any CPU
		{3444C045-AA40-4241-B695-33ED37CACD64}.Debug|Any CPU.Build.0 = Debug|Any CPU
		{3444C045-AA40-4241-B695-33ED37CACD64}.Release|Any CPU.ActiveCfg = Release|Any CPU
		{3444C045-AA40-4241-B695-33ED37CACD64}.Release|Any CPU.Build.0 = Release|Any CPU
		{A913DB39-865B-4162-B279-16654B20D949}.Debug|Any CPU.ActiveCfg = Debug|Any CPU
		{A913DB39-865B-4162-B279-16654B20D949}.Debug|Any CPU.Build.0 = Debug|Any CPU
		{A913DB39-865B-4162-B279-16654B20D949}.Release|Any CPU.ActiveCfg = Release|Any CPU
		{A913DB39-865B-4162-B279-16654B20D949}.Release|Any CPU.Build.0 = Release|Any CPU
		{3C731BA7-F932-4771-A890-7FB4AB10F80F}.Debug|Any CPU.ActiveCfg = Debug|Any CPU
		{3C731BA7-F932-4771-A890-7FB4AB10F80F}.Debug|Any CPU.Build.0 = Debug|Any CPU
		{3C731BA7-F932-4771-A890-7FB4AB10F80F}.Release|Any CPU.ActiveCfg = Release|Any CPU
		{3C731BA7-F932-4771-A890-7FB4AB10F80F}.Release|Any CPU.Build.0 = Release|Any CPU
		{B34B5EC6-1810-4961-9CF4-4A96B286B6E1}.Debug|Any CPU.ActiveCfg = Debug|Any CPU
		{B34B5EC6-1810-4961-9CF4-4A96B286B6E1}.Debug|Any CPU.Build.0 = Debug|Any CPU
		{B34B5EC6-1810-4961-9CF4-4A96B286B6E1}.Release|Any CPU.ActiveCfg = Release|Any CPU
		{B34B5EC6-1810-4961-9CF4-4A96B286B6E1}.Release|Any CPU.Build.0 = Release|Any CPU
		{B404F580-428B-440A-B7AE-A2B846F9568F}.Debug|Any CPU.ActiveCfg = Debug|Any CPU
		{B404F580-428B-440A-B7AE-A2B846F9568F}.Debug|Any CPU.Build.0 = Debug|Any CPU
		{B404F580-428B-440A-B7AE-A2B846F9568F}.Release|Any CPU.ActiveCfg = Release|Any CPU
		{B404F580-428B-440A-B7AE-A2B846F9568F}.Release|Any CPU.Build.0 = Release|Any CPU
		{DFDD625C-04B4-41BC-AC5F-3F9EBFA08248}.Debug|Any CPU.ActiveCfg = Debug|Any CPU
		{DFDD625C-04B4-41BC-AC5F-3F9EBFA08248}.Debug|Any CPU.Build.0 = Debug|Any CPU
		{DFDD625C-04B4-41BC-AC5F-3F9EBFA08248}.Release|Any CPU.ActiveCfg = Release|Any CPU
		{DFDD625C-04B4-41BC-AC5F-3F9EBFA08248}.Release|Any CPU.Build.0 = Release|Any CPU
		{C50317E4-E5C8-4B33-9D27-82FB0840E1B8}.Debug|Any CPU.ActiveCfg = Debug|Any CPU
		{C50317E4-E5C8-4B33-9D27-82FB0840E1B8}.Debug|Any CPU.Build.0 = Debug|Any CPU
		{C50317E4-E5C8-4B33-9D27-82FB0840E1B8}.Release|Any CPU.ActiveCfg = Release|Any CPU
		{C50317E4-E5C8-4B33-9D27-82FB0840E1B8}.Release|Any CPU.Build.0 = Release|Any CPU
		{A59A7F43-E20A-42E6-97A6-7EE3B844EF43}.Debug|Any CPU.ActiveCfg = Debug|Any CPU
		{A59A7F43-E20A-42E6-97A6-7EE3B844EF43}.Debug|Any CPU.Build.0 = Debug|Any CPU
		{A59A7F43-E20A-42E6-97A6-7EE3B844EF43}.Release|Any CPU.ActiveCfg = Release|Any CPU
		{A59A7F43-E20A-42E6-97A6-7EE3B844EF43}.Release|Any CPU.Build.0 = Release|Any CPU
	EndGlobalSection
	GlobalSection(SolutionProperties) = preSolution
		HideSolutionNode = FALSE
	EndGlobalSection
	GlobalSection(NestedProjects) = preSolution
		{3394242A-4B4A-4A05-B151-59830CC9B28E} = {E4D07050-1288-4344-B79D-470C2DC86146}
		{674A7D81-426C-40BF-9501-DE9D13910D37} = {E4D07050-1288-4344-B79D-470C2DC86146}
		{3CB046C0-5FF3-4AC0-AD8A-268739B35AE8} = {E4D07050-1288-4344-B79D-470C2DC86146}
		{0D591A18-CC59-4259-8D7B-3E84F13D55CB} = {E4D07050-1288-4344-B79D-470C2DC86146}
		{6327AFFF-11C7-49A8-AA18-923085FB9106} = {E4D07050-1288-4344-B79D-470C2DC86146}
		{DA2E9025-963E-4300-A712-C8194B7983C6} = {E4D07050-1288-4344-B79D-470C2DC86146}
		{53EDFB1F-5AC3-408F-B60B-3030CD76E283} = {E4D07050-1288-4344-B79D-470C2DC86146}
		{7AD34419-DAB7-4277-BFF4-981D881E0B31} = {E4D07050-1288-4344-B79D-470C2DC86146}
		{A2C71F4A-FC08-428C-8113-5D13490DF4DC} = {E4D07050-1288-4344-B79D-470C2DC86146}
		{5E62C0BD-2B38-4195-AB9B-FF2927B54A2C} = {E4D07050-1288-4344-B79D-470C2DC86146}
		{9DFE98E5-BC3D-44F0-9198-ABF1837ED989} = {E4D07050-1288-4344-B79D-470C2DC86146}
		{EA894A65-CE2E-4193-BEFD-CAF1B49D35F9} = {E4D07050-1288-4344-B79D-470C2DC86146}
		{E4DFFF98-2AB5-4BAF-A40C-EC32DFE13E2B} = {E4D07050-1288-4344-B79D-470C2DC86146}
		{E8B3DD70-7BB2-4CF2-A26D-F375D831DE45} = {E4D07050-1288-4344-B79D-470C2DC86146}
		{BF9CA071-EC56-49CE-93F5-0EFAFBE29A02} = {E4D07050-1288-4344-B79D-470C2DC86146}
		{FBB92690-C449-4814-B678-C43618FA834B} = {E4D07050-1288-4344-B79D-470C2DC86146}
		{DD343C66-E154-494E-BC01-1B66BA345DDE} = {E4D07050-1288-4344-B79D-470C2DC86146}
		{964B7AB0-A507-4763-866B-C61D80266DEF} = {E4D07050-1288-4344-B79D-470C2DC86146}
		{3D1257A1-2981-48DB-BD41-BBE9C83B5316} = {E4D07050-1288-4344-B79D-470C2DC86146}
		{D91B6626-AAFF-4BAB-9A1A-C35D914246C7} = {E4D07050-1288-4344-B79D-470C2DC86146}
		{C8BB54D9-300C-476B-B38B-7795C830CD76} = {E4D07050-1288-4344-B79D-470C2DC86146}
		{29C4A00C-30F9-421A-BF18-7060602C7EEB} = {E4D07050-1288-4344-B79D-470C2DC86146}
		{F53D4760-545A-4086-AE9D-7A0285791413} = {E4D07050-1288-4344-B79D-470C2DC86146}
		{7604D94F-A578-4AE4-BFFB-B4EEA5F69E90} = {E4D07050-1288-4344-B79D-470C2DC86146}
		{76831042-7D02-4623-85D7-2B31CA016D11} = {E4D07050-1288-4344-B79D-470C2DC86146}
		{03695654-A00D-4DEA-B206-614D4DDC3994} = {E4D07050-1288-4344-B79D-470C2DC86146}
		{835D1B0F-88C9-4B9D-B4AA-CA8C3AC52B71} = {E4D07050-1288-4344-B79D-470C2DC86146}
		{1C96CA8D-3246-4D3F-BA1C-2B1AA127881A} = {E4D07050-1288-4344-B79D-470C2DC86146}
		{1AD92760-FC0B-4ADE-9773-F1BDDBC6A2B9} = {E4D07050-1288-4344-B79D-470C2DC86146}
		{74736ABD-55E6-4EDF-BFE9-15821EE8937E} = {E4D07050-1288-4344-B79D-470C2DC86146}
		{3444C045-AA40-4241-B695-33ED37CACD64} = {E4D07050-1288-4344-B79D-470C2DC86146}
		{A913DB39-865B-4162-B279-16654B20D949} = {E4D07050-1288-4344-B79D-470C2DC86146}
		{3C731BA7-F932-4771-A890-7FB4AB10F80F} = {E4D07050-1288-4344-B79D-470C2DC86146}
		{B34B5EC6-1810-4961-9CF4-4A96B286B6E1} = {E4D07050-1288-4344-B79D-470C2DC86146}
		{B404F580-428B-440A-B7AE-A2B846F9568F} = {E4D07050-1288-4344-B79D-470C2DC86146}
		{DFDD625C-04B4-41BC-AC5F-3F9EBFA08248} = {E4D07050-1288-4344-B79D-470C2DC86146}
		{A59A7F43-E20A-42E6-97A6-7EE3B844EF43} = {E4D07050-1288-4344-B79D-470C2DC86146}
	EndGlobalSection
	GlobalSection(ExtensibilityGlobals) = postSolution
		SolutionGuid = {F5822673-96EF-4C5C-AEC1-74D165BF8D0C}
	EndGlobalSection
EndGlobal
