
Microsoft Visual Studio Solution File, Format Version 12.00
Project("{FAE04EC0-301F-11D3-BF4B-00C04F79EFBC}") = "Nethermind.DataMarketplace.Channels", "Nethermind.DataMarketplace.Channels\Nethermind.DataMarketplace.Channels.csproj", "{918839A3-BD09-46BD-8866-77C6E686FBE6}"
EndProject
Project("{FAE04EC0-301F-11D3-BF4B-00C04F79EFBC}") = "Nethermind.DataMarketplace.Channels.Grpc", "Nethermind.DataMarketplace.Channels.Grpc\Nethermind.DataMarketplace.Channels.Grpc.csproj", "{2DD0A5AE-07F1-4426-B318-284B5F8E1572}"
EndProject
Project("{FAE04EC0-301F-11D3-BF4B-00C04F79EFBC}") = "Nethermind.DataMarketplace.Channels.Test", "Nethermind.DataMarketplace.Channels.Test\Nethermind.DataMarketplace.Channels.Test.csproj", "{2FDBC148-6C53-484A-A96C-8979284571E0}"
EndProject
Project("{FAE04EC0-301F-11D3-BF4B-00C04F79EFBC}") = "Nethermind.DataMarketplace.Consumers", "Nethermind.DataMarketplace.Consumers\Nethermind.DataMarketplace.Consumers.csproj", "{9A138742-3176-4F72-8CC8-094ACF0BB0FC}"
EndProject
Project("{FAE04EC0-301F-11D3-BF4B-00C04F79EFBC}") = "Nethermind.DataMarketplace.Consumers.Infrastructure", "Nethermind.DataMarketplace.Consumers.Infrastructure\Nethermind.DataMarketplace.Consumers.Infrastructure.csproj", "{202A3F7E-1E44-4944-B5C7-673B0DE89C82}"
EndProject
Project("{FAE04EC0-301F-11D3-BF4B-00C04F79EFBC}") = "Nethermind.DataMarketplace.Consumers.Test", "Nethermind.DataMarketplace.Consumers.Test\Nethermind.DataMarketplace.Consumers.Test.csproj", "{C2022296-8A1A-4C79-9AB9-34CEE9C0BA72}"
EndProject
Project("{FAE04EC0-301F-11D3-BF4B-00C04F79EFBC}") = "Nethermind.DataMarketplace.Consumers.Test.EndToEnd", "Nethermind.DataMarketplace.Consumers.Test.EndToEnd\Nethermind.DataMarketplace.Consumers.Test.EndToEnd.csproj", "{0374DE4D-7D61-47E2-8CF7-4CE0A46DAA4B}"
EndProject
Project("{FAE04EC0-301F-11D3-BF4B-00C04F79EFBC}") = "Nethermind.DataMarketplace.Core", "Nethermind.DataMarketplace.Core\Nethermind.DataMarketplace.Core.csproj", "{8DC6AF4B-7BDB-43D5-9EC6-7C1703A63146}"
EndProject
Project("{FAE04EC0-301F-11D3-BF4B-00C04F79EFBC}") = "Nethermind.DataMarketplace.Infrastructure", "Nethermind.DataMarketplace.Infrastructure\Nethermind.DataMarketplace.Infrastructure.csproj", "{7D41DFEE-8E5F-4021-8A1E-93BC882516FF}"
EndProject
Project("{FAE04EC0-301F-11D3-BF4B-00C04F79EFBC}") = "Nethermind.DataMarketplace.Infrastructure.Test", "Nethermind.DataMarketplace.Infrastructure.Test\Nethermind.DataMarketplace.Infrastructure.Test.csproj", "{C4FA8DDF-525C-49BE-B0D9-FC5071F54D36}"
EndProject
Project("{FAE04EC0-301F-11D3-BF4B-00C04F79EFBC}") = "Nethermind.DataMarketplace.Initializers", "Nethermind.DataMarketplace.Initializers\Nethermind.DataMarketplace.Initializers.csproj", "{CB1BDE38-1305-4C83-B866-4F040C5E6FDF}"
EndProject
Project("{FAE04EC0-301F-11D3-BF4B-00C04F79EFBC}") = "Nethermind.DataMarketplace.Integration.Test", "Nethermind.DataMarketplace.Integration.Test\Nethermind.DataMarketplace.Integration.Test.csproj", "{A5292957-5E5B-43FC-80D8-8F0FE5333FC5}"
EndProject
Project("{FAE04EC0-301F-11D3-BF4B-00C04F79EFBC}") = "Nethermind.DataMarketplace.Subprotocols", "Nethermind.DataMarketplace.Subprotocols\Nethermind.DataMarketplace.Subprotocols.csproj", "{055D67F5-70D5-42E3-A9EE-5F5DEF85C120}"
EndProject
Project("{FAE04EC0-301F-11D3-BF4B-00C04F79EFBC}") = "Nethermind.DataMarketplace.Subprotocols.Test", "Nethermind.DataMarketplace.Subprotocols.Test\Nethermind.DataMarketplace.Subprotocols.Test.csproj", "{9ECADB7E-577B-4A91-823E-CE3AD19CD9D3}"
EndProject
Project("{FAE04EC0-301F-11D3-BF4B-00C04F79EFBC}") = "Nethermind.DataMarketplace.Test", "Nethermind.DataMarketplace.Test\Nethermind.DataMarketplace.Test.csproj", "{A5C8766B-4969-454B-BF56-49294A694914}"
EndProject
Project("{FAE04EC0-301F-11D3-BF4B-00C04F79EFBC}") = "Nethermind.DataMarketplace.Tools.Refunder", "Nethermind.DataMarketplace.Tools.Refunder\Nethermind.DataMarketplace.Tools.Refunder.csproj", "{5B6B53F4-A8F7-4505-B57E-B7E14B46FBD4}"
EndProject
Project("{FAE04EC0-301F-11D3-BF4B-00C04F79EFBC}") = "Nethermind.DataMarketplace.WebSockets", "Nethermind.DataMarketplace.WebSockets\Nethermind.DataMarketplace.WebSockets.csproj", "{22F6FF8D-D2BF-4494-BAA6-795AA1AD415A}"
EndProject
Project("{FAE04EC0-301F-11D3-BF4B-00C04F79EFBC}") = "Nethermind.DataMarketplace.WebSockets.Test", "Nethermind.DataMarketplace.WebSockets.Test\Nethermind.DataMarketplace.WebSockets.Test.csproj", "{66D0431D-500F-49DD-A6BF-6F2F39C511A1}"
EndProject
Global
	GlobalSection(SolutionConfigurationPlatforms) = preSolution
		Debug|Any CPU = Debug|Any CPU
		Release|Any CPU = Release|Any CPU
	EndGlobalSection
	GlobalSection(ProjectConfigurationPlatforms) = postSolution
		{918839A3-BD09-46BD-8866-77C6E686FBE6}.Debug|Any CPU.ActiveCfg = Debug|Any CPU
		{918839A3-BD09-46BD-8866-77C6E686FBE6}.Debug|Any CPU.Build.0 = Debug|Any CPU
		{918839A3-BD09-46BD-8866-77C6E686FBE6}.Release|Any CPU.ActiveCfg = Release|Any CPU
		{918839A3-BD09-46BD-8866-77C6E686FBE6}.Release|Any CPU.Build.0 = Release|Any CPU
		{2DD0A5AE-07F1-4426-B318-284B5F8E1572}.Debug|Any CPU.ActiveCfg = Debug|Any CPU
		{2DD0A5AE-07F1-4426-B318-284B5F8E1572}.Debug|Any CPU.Build.0 = Debug|Any CPU
		{2DD0A5AE-07F1-4426-B318-284B5F8E1572}.Release|Any CPU.ActiveCfg = Release|Any CPU
		{2DD0A5AE-07F1-4426-B318-284B5F8E1572}.Release|Any CPU.Build.0 = Release|Any CPU
		{2FDBC148-6C53-484A-A96C-8979284571E0}.Debug|Any CPU.ActiveCfg = Debug|Any CPU
		{2FDBC148-6C53-484A-A96C-8979284571E0}.Debug|Any CPU.Build.0 = Debug|Any CPU
		{2FDBC148-6C53-484A-A96C-8979284571E0}.Release|Any CPU.ActiveCfg = Release|Any CPU
		{2FDBC148-6C53-484A-A96C-8979284571E0}.Release|Any CPU.Build.0 = Release|Any CPU
		{9A138742-3176-4F72-8CC8-094ACF0BB0FC}.Debug|Any CPU.ActiveCfg = Debug|Any CPU
		{9A138742-3176-4F72-8CC8-094ACF0BB0FC}.Debug|Any CPU.Build.0 = Debug|Any CPU
		{9A138742-3176-4F72-8CC8-094ACF0BB0FC}.Release|Any CPU.ActiveCfg = Release|Any CPU
		{9A138742-3176-4F72-8CC8-094ACF0BB0FC}.Release|Any CPU.Build.0 = Release|Any CPU
		{202A3F7E-1E44-4944-B5C7-673B0DE89C82}.Debug|Any CPU.ActiveCfg = Debug|Any CPU
		{202A3F7E-1E44-4944-B5C7-673B0DE89C82}.Debug|Any CPU.Build.0 = Debug|Any CPU
		{202A3F7E-1E44-4944-B5C7-673B0DE89C82}.Release|Any CPU.ActiveCfg = Release|Any CPU
		{202A3F7E-1E44-4944-B5C7-673B0DE89C82}.Release|Any CPU.Build.0 = Release|Any CPU
		{C2022296-8A1A-4C79-9AB9-34CEE9C0BA72}.Debug|Any CPU.ActiveCfg = Debug|Any CPU
		{C2022296-8A1A-4C79-9AB9-34CEE9C0BA72}.Debug|Any CPU.Build.0 = Debug|Any CPU
		{C2022296-8A1A-4C79-9AB9-34CEE9C0BA72}.Release|Any CPU.ActiveCfg = Release|Any CPU
		{C2022296-8A1A-4C79-9AB9-34CEE9C0BA72}.Release|Any CPU.Build.0 = Release|Any CPU
		{0374DE4D-7D61-47E2-8CF7-4CE0A46DAA4B}.Debug|Any CPU.ActiveCfg = Debug|Any CPU
		{0374DE4D-7D61-47E2-8CF7-4CE0A46DAA4B}.Debug|Any CPU.Build.0 = Debug|Any CPU
		{0374DE4D-7D61-47E2-8CF7-4CE0A46DAA4B}.Release|Any CPU.ActiveCfg = Release|Any CPU
		{0374DE4D-7D61-47E2-8CF7-4CE0A46DAA4B}.Release|Any CPU.Build.0 = Release|Any CPU
		{8DC6AF4B-7BDB-43D5-9EC6-7C1703A63146}.Debug|Any CPU.ActiveCfg = Debug|Any CPU
		{8DC6AF4B-7BDB-43D5-9EC6-7C1703A63146}.Debug|Any CPU.Build.0 = Debug|Any CPU
		{8DC6AF4B-7BDB-43D5-9EC6-7C1703A63146}.Release|Any CPU.ActiveCfg = Release|Any CPU
		{8DC6AF4B-7BDB-43D5-9EC6-7C1703A63146}.Release|Any CPU.Build.0 = Release|Any CPU
		{7D41DFEE-8E5F-4021-8A1E-93BC882516FF}.Debug|Any CPU.ActiveCfg = Debug|Any CPU
		{7D41DFEE-8E5F-4021-8A1E-93BC882516FF}.Debug|Any CPU.Build.0 = Debug|Any CPU
		{7D41DFEE-8E5F-4021-8A1E-93BC882516FF}.Release|Any CPU.ActiveCfg = Release|Any CPU
		{7D41DFEE-8E5F-4021-8A1E-93BC882516FF}.Release|Any CPU.Build.0 = Release|Any CPU
		{C4FA8DDF-525C-49BE-B0D9-FC5071F54D36}.Debug|Any CPU.ActiveCfg = Debug|Any CPU
		{C4FA8DDF-525C-49BE-B0D9-FC5071F54D36}.Debug|Any CPU.Build.0 = Debug|Any CPU
		{C4FA8DDF-525C-49BE-B0D9-FC5071F54D36}.Release|Any CPU.ActiveCfg = Release|Any CPU
		{C4FA8DDF-525C-49BE-B0D9-FC5071F54D36}.Release|Any CPU.Build.0 = Release|Any CPU
		{CB1BDE38-1305-4C83-B866-4F040C5E6FDF}.Debug|Any CPU.ActiveCfg = Debug|Any CPU
		{CB1BDE38-1305-4C83-B866-4F040C5E6FDF}.Debug|Any CPU.Build.0 = Debug|Any CPU
		{CB1BDE38-1305-4C83-B866-4F040C5E6FDF}.Release|Any CPU.ActiveCfg = Release|Any CPU
		{CB1BDE38-1305-4C83-B866-4F040C5E6FDF}.Release|Any CPU.Build.0 = Release|Any CPU
		{A5292957-5E5B-43FC-80D8-8F0FE5333FC5}.Debug|Any CPU.ActiveCfg = Debug|Any CPU
		{A5292957-5E5B-43FC-80D8-8F0FE5333FC5}.Debug|Any CPU.Build.0 = Debug|Any CPU
		{A5292957-5E5B-43FC-80D8-8F0FE5333FC5}.Release|Any CPU.ActiveCfg = Release|Any CPU
		{A5292957-5E5B-43FC-80D8-8F0FE5333FC5}.Release|Any CPU.Build.0 = Release|Any CPU
		{055D67F5-70D5-42E3-A9EE-5F5DEF85C120}.Debug|Any CPU.ActiveCfg = Debug|Any CPU
		{055D67F5-70D5-42E3-A9EE-5F5DEF85C120}.Debug|Any CPU.Build.0 = Debug|Any CPU
		{055D67F5-70D5-42E3-A9EE-5F5DEF85C120}.Release|Any CPU.ActiveCfg = Release|Any CPU
		{055D67F5-70D5-42E3-A9EE-5F5DEF85C120}.Release|Any CPU.Build.0 = Release|Any CPU
		{9ECADB7E-577B-4A91-823E-CE3AD19CD9D3}.Debug|Any CPU.ActiveCfg = Debug|Any CPU
		{9ECADB7E-577B-4A91-823E-CE3AD19CD9D3}.Debug|Any CPU.Build.0 = Debug|Any CPU
		{9ECADB7E-577B-4A91-823E-CE3AD19CD9D3}.Release|Any CPU.ActiveCfg = Release|Any CPU
		{9ECADB7E-577B-4A91-823E-CE3AD19CD9D3}.Release|Any CPU.Build.0 = Release|Any CPU
		{A5C8766B-4969-454B-BF56-49294A694914}.Debug|Any CPU.ActiveCfg = Debug|Any CPU
		{A5C8766B-4969-454B-BF56-49294A694914}.Debug|Any CPU.Build.0 = Debug|Any CPU
		{A5C8766B-4969-454B-BF56-49294A694914}.Release|Any CPU.ActiveCfg = Release|Any CPU
		{A5C8766B-4969-454B-BF56-49294A694914}.Release|Any CPU.Build.0 = Release|Any CPU
		{5B6B53F4-A8F7-4505-B57E-B7E14B46FBD4}.Debug|Any CPU.ActiveCfg = Debug|Any CPU
		{5B6B53F4-A8F7-4505-B57E-B7E14B46FBD4}.Debug|Any CPU.Build.0 = Debug|Any CPU
		{5B6B53F4-A8F7-4505-B57E-B7E14B46FBD4}.Release|Any CPU.ActiveCfg = Release|Any CPU
		{5B6B53F4-A8F7-4505-B57E-B7E14B46FBD4}.Release|Any CPU.Build.0 = Release|Any CPU
		{22F6FF8D-D2BF-4494-BAA6-795AA1AD415A}.Debug|Any CPU.ActiveCfg = Debug|Any CPU
		{22F6FF8D-D2BF-4494-BAA6-795AA1AD415A}.Debug|Any CPU.Build.0 = Debug|Any CPU
		{22F6FF8D-D2BF-4494-BAA6-795AA1AD415A}.Release|Any CPU.ActiveCfg = Release|Any CPU
		{22F6FF8D-D2BF-4494-BAA6-795AA1AD415A}.Release|Any CPU.Build.0 = Release|Any CPU
		{66D0431D-500F-49DD-A6BF-6F2F39C511A1}.Debug|Any CPU.ActiveCfg = Debug|Any CPU
		{66D0431D-500F-49DD-A6BF-6F2F39C511A1}.Debug|Any CPU.Build.0 = Debug|Any CPU
		{66D0431D-500F-49DD-A6BF-6F2F39C511A1}.Release|Any CPU.ActiveCfg = Release|Any CPU
		{66D0431D-500F-49DD-A6BF-6F2F39C511A1}.Release|Any CPU.Build.0 = Release|Any CPU
	EndGlobalSection
EndGlobal
