
Microsoft Visual Studio Solution File, Format Version 12.00
# Visual Studio Version 17
VisualStudioVersion = 17.2.32630.192
MinimumVisualStudioVersion = 10.0.40219.1
Project("{9A19103F-16F7-4668-BE54-9A1E7A4F7556}") = "Ethereum2.Ssz.Test", "Ethereum2.Ssz.Test\Ethereum2.Ssz.Test.csproj", "{216B75CC-362D-4D1B-A99C-4020544B7B59}"
EndProject
Project("{9A19103F-16F7-4668-BE54-9A1E7A4F7556}") = "Nethermind.Ssz", "Nethermind.Ssz\Nethermind.Ssz.csproj", "{14ED420E-ADDC-4AAD-9C68-5A140EDC545D}"
EndProject
Project("{2150E333-8FDC-42A3-9474-1A3956D46DE8}") = "Nethermind", "Nethermind", "{E6E91C7B-356A-442D-83CF-6C79768A4186}"
EndProject
Project("{9A19103F-16F7-4668-BE54-9A1E7A4F7556}") = "Nethermind.Core", "Nethermind.Core\Nethermind.Core.csproj", "{437C52C6-B1E6-46B0-8485-690D102C2311}"
EndProject
Project("{9A19103F-16F7-4668-BE54-9A1E7A4F7556}") = "Nethermind.HashLib", "Nethermind.HashLib\Nethermind.HashLib.csproj", "{84CCCF09-F542-4C60-BD84-355DCFE4EB45}"
EndProject
Project("{9A19103F-16F7-4668-BE54-9A1E7A4F7556}") = "Nethermind.Core2", "Nethermind.Core2\Nethermind.Core2.csproj", "{063CFC02-44F7-4BAF-A2EF-D70851FA82D7}"
EndProject
Project("{9A19103F-16F7-4668-BE54-9A1E7A4F7556}") = "Ethereum2.Bls.Test", "Ethereum2.Bls.Test\Ethereum2.Bls.Test.csproj", "{857508E4-B007-487C-870D-CC64A2900D33}"
EndProject
Project("{FAE04EC0-301F-11D3-BF4B-00C04F79EFBC}") = "Nethermind.Bls", "Nethermind.Bls\Nethermind.Bls.csproj", "{C5651298-5E08-4C0B-A6D6-0A5AC2D1143D}"
EndProject
Global
	GlobalSection(SolutionConfigurationPlatforms) = preSolution
		Debug|Any CPU = Debug|Any CPU
		Release|Any CPU = Release|Any CPU
	EndGlobalSection
	GlobalSection(ProjectConfigurationPlatforms) = postSolution
		{216B75CC-362D-4D1B-A99C-4020544B7B59}.Debug|Any CPU.ActiveCfg = Debug|Any CPU
		{216B75CC-362D-4D1B-A99C-4020544B7B59}.Debug|Any CPU.Build.0 = Debug|Any CPU
		{216B75CC-362D-4D1B-A99C-4020544B7B59}.Release|Any CPU.ActiveCfg = Release|Any CPU
		{216B75CC-362D-4D1B-A99C-4020544B7B59}.Release|Any CPU.Build.0 = Release|Any CPU
		{14ED420E-ADDC-4AAD-9C68-5A140EDC545D}.Debug|Any CPU.ActiveCfg = Debug|Any CPU
		{14ED420E-ADDC-4AAD-9C68-5A140EDC545D}.Debug|Any CPU.Build.0 = Debug|Any CPU
		{14ED420E-ADDC-4AAD-9C68-5A140EDC545D}.Release|Any CPU.ActiveCfg = Release|Any CPU
		{14ED420E-ADDC-4AAD-9C68-5A140EDC545D}.Release|Any CPU.Build.0 = Release|Any CPU
		{437C52C6-B1E6-46B0-8485-690D102C2311}.Debug|Any CPU.ActiveCfg = Debug|Any CPU
		{437C52C6-B1E6-46B0-8485-690D102C2311}.Debug|Any CPU.Build.0 = Debug|Any CPU
		{437C52C6-B1E6-46B0-8485-690D102C2311}.Release|Any CPU.ActiveCfg = Release|Any CPU
		{437C52C6-B1E6-46B0-8485-690D102C2311}.Release|Any CPU.Build.0 = Release|Any CPU
		{84CCCF09-F542-4C60-BD84-355DCFE4EB45}.Debug|Any CPU.ActiveCfg = Debug|Any CPU
		{84CCCF09-F542-4C60-BD84-355DCFE4EB45}.Debug|Any CPU.Build.0 = Debug|Any CPU
		{84CCCF09-F542-4C60-BD84-355DCFE4EB45}.Release|Any CPU.ActiveCfg = Release|Any CPU
		{84CCCF09-F542-4C60-BD84-355DCFE4EB45}.Release|Any CPU.Build.0 = Release|Any CPU
		{063CFC02-44F7-4BAF-A2EF-D70851FA82D7}.Debug|Any CPU.ActiveCfg = Debug|Any CPU
		{063CFC02-44F7-4BAF-A2EF-D70851FA82D7}.Debug|Any CPU.Build.0 = Debug|Any CPU
		{063CFC02-44F7-4BAF-A2EF-D70851FA82D7}.Release|Any CPU.ActiveCfg = Release|Any CPU
		{063CFC02-44F7-4BAF-A2EF-D70851FA82D7}.Release|Any CPU.Build.0 = Release|Any CPU
		{857508E4-B007-487C-870D-CC64A2900D33}.Debug|Any CPU.ActiveCfg = Debug|Any CPU
		{857508E4-B007-487C-870D-CC64A2900D33}.Debug|Any CPU.Build.0 = Debug|Any CPU
		{857508E4-B007-487C-870D-CC64A2900D33}.Release|Any CPU.ActiveCfg = Release|Any CPU
		{857508E4-B007-487C-870D-CC64A2900D33}.Release|Any CPU.Build.0 = Release|Any CPU
		{C5651298-5E08-4C0B-A6D6-0A5AC2D1143D}.Debug|Any CPU.ActiveCfg = Debug|Any CPU
		{C5651298-5E08-4C0B-A6D6-0A5AC2D1143D}.Debug|Any CPU.Build.0 = Debug|Any CPU
		{C5651298-5E08-4C0B-A6D6-0A5AC2D1143D}.Release|Any CPU.ActiveCfg = Release|Any CPU
		{C5651298-5E08-4C0B-A6D6-0A5AC2D1143D}.Release|Any CPU.Build.0 = Release|Any CPU
	EndGlobalSection
	GlobalSection(SolutionProperties) = preSolution
		HideSolutionNode = FALSE
	EndGlobalSection
	GlobalSection(NestedProjects) = preSolution
		{14ED420E-ADDC-4AAD-9C68-5A140EDC545D} = {E6E91C7B-356A-442D-83CF-6C79768A4186}
		{437C52C6-B1E6-46B0-8485-690D102C2311} = {E6E91C7B-356A-442D-83CF-6C79768A4186}
		{84CCCF09-F542-4C60-BD84-355DCFE4EB45} = {E6E91C7B-356A-442D-83CF-6C79768A4186}
		{063CFC02-44F7-4BAF-A2EF-D70851FA82D7} = {E6E91C7B-356A-442D-83CF-6C79768A4186}
		{C5651298-5E08-4C0B-A6D6-0A5AC2D1143D} = {E6E91C7B-356A-442D-83CF-6C79768A4186}
	EndGlobalSection
	GlobalSection(ExtensibilityGlobals) = postSolution
		SolutionGuid = {533B3C43-A790-4B77-AB76-0498174A39F5}
	EndGlobalSection
EndGlobal
