
Microsoft Visual Studio Solution File, Format Version 12.00
# Visual Studio Version 17
VisualStudioVersion = 17.2.32630.192
MinimumVisualStudioVersion = 10.0.40219.1
Project("{9A19103F-16F7-4668-BE54-9A1E7A4F7556}") = "Ethereum.Blockchain.Block.Test", "Ethereum.Blockchain.Block.Test\Ethereum.Blockchain.Block.Test.csproj", "{D841A8D7-BF03-4481-9CCB-014F67318DCA}"
EndProject
Project("{9A19103F-16F7-4668-BE54-9A1E7A4F7556}") = "Ethereum.Blockchain.Test", "Ethereum.Blockchain.Test\Ethereum.Blockchain.Test.csproj", "{1717CD2A-1B8A-4F0E-A930-C6DA62AD19C7}"
EndProject
Project("{9A19103F-16F7-4668-BE54-9A1E7A4F7556}") = "Ethereum.Basic.Test", "Ethereum.Basic.Test\Ethereum.Basic.Test.csproj", "{75966133-1F56-439C-A038-5921FA3AD2B2}"
EndProject
Project("{9A19103F-16F7-4668-BE54-9A1E7A4F7556}") = "Ethereum.HexPrefix.Test", "Ethereum.HexPrefix.Test\Ethereum.HexPrefix.Test.csproj", "{FDCE3436-C141-4CFE-8341-FB4ED70C7872}"
EndProject
Project("{9A19103F-16F7-4668-BE54-9A1E7A4F7556}") = "Ethereum.KeyAddress.Test", "Ethereum.KeyAddress.Test\Ethereum.KeyAddress.Test.csproj", "{BAF266CC-AA84-455A-BD5C-2F25EFAD571E}"
EndProject
Project("{9A19103F-16F7-4668-BE54-9A1E7A4F7556}") = "Ethereum.PoW.Test", "Ethereum.PoW.Test\Ethereum.PoW.Test.csproj", "{6E3A227E-D8C5-4CF9-BE8D-6970355D1BD1}"
EndProject
Project("{9A19103F-16F7-4668-BE54-9A1E7A4F7556}") = "Ethereum.Rlp.Test", "Ethereum.Rlp.Test\Ethereum.Rlp.Test.csproj", "{A750010A-2CE2-4607-A156-3B1B5EEB50DA}"
EndProject
Project("{9A19103F-16F7-4668-BE54-9A1E7A4F7556}") = "Ethereum.Test.Base", "Ethereum.Test.Base\Ethereum.Test.Base.csproj", "{FCF42F2D-7059-4261-A94B-6634E787C3DF}"
EndProject
Project("{9A19103F-16F7-4668-BE54-9A1E7A4F7556}") = "Ethereum.Transaction.Test", "Ethereum.Transaction.Test\Ethereum.Transaction.Test.csproj", "{2CA23542-9162-4F26-9637-0316AEC32D49}"
EndProject
Project("{9A19103F-16F7-4668-BE54-9A1E7A4F7556}") = "Ethereum.Transition.Test", "Ethereum.Transition.Test\Ethereum.Transition.Test.csproj", "{3F9CCB9E-BCEB-4C51-843F-F55EB5F30B60}"
EndProject
Project("{9A19103F-16F7-4668-BE54-9A1E7A4F7556}") = "Ethereum.Trie.Test", "Ethereum.Trie.Test\Ethereum.Trie.Test.csproj", "{A7DF8515-E661-4648-AE00-20E1DAE280A2}"
EndProject
Project("{9A19103F-16F7-4668-BE54-9A1E7A4F7556}") = "Ethereum.VM.Test", "Ethereum.VM.Test\Ethereum.VM.Test.csproj", "{5C6CB70E-5C95-4FE6-B39A-7D247FDCD013}"
EndProject
Project("{9A19103F-16F7-4668-BE54-9A1E7A4F7556}") = "Ethereum.Difficulty.Test", "Ethereum.Difficulty.Test\Ethereum.Difficulty.Test.csproj", "{F3A44614-28F1-4A62-9C5B-CD4474CB300F}"
EndProject
Project("{9A19103F-16F7-4668-BE54-9A1E7A4F7556}") = "Nethermind.Blockchain.Test.Runner", "Nethermind.Blockchain.Test.Runner\Nethermind.Blockchain.Test.Runner.csproj", "{3FB32DB0-2271-47BC-9DC6-27108F5DEF16}"
EndProject
Project("{9A19103F-16F7-4668-BE54-9A1E7A4F7556}") = "Nethermind.Blockchain", "Nethermind.Blockchain\Nethermind.Blockchain.csproj", "{DD4B1F0B-F939-4BE1-A846-EAA8DDB2B792}"
EndProject
Project("{9A19103F-16F7-4668-BE54-9A1E7A4F7556}") = "Nethermind.Core", "Nethermind.Core\Nethermind.Core.csproj", "{0988EC3B-0011-4109-948E-F35C8CB8D6E8}"
EndProject
Project("{9A19103F-16F7-4668-BE54-9A1E7A4F7556}") = "Nethermind.Config", "Nethermind.Config\Nethermind.Config.csproj", "{9FBEA820-C535-43CB-9DA3-4F0E360529A4}"
EndProject
Project("{9A19103F-16F7-4668-BE54-9A1E7A4F7556}") = "Nethermind.Evm", "Nethermind.Evm\Nethermind.Evm.csproj", "{C7DC9B19-F0B7-422A-A588-F1640E6E6891}"
EndProject
Project("{9A19103F-16F7-4668-BE54-9A1E7A4F7556}") = "Nethermind.Core.Test", "Nethermind.Core.Test\Nethermind.Core.Test.csproj", "{738BC20F-8881-425F-B05D-6955E482D7ED}"
EndProject
Project("{9A19103F-16F7-4668-BE54-9A1E7A4F7556}") = "Nethermind.Abi", "Nethermind.Abi\Nethermind.Abi.csproj", "{88A49490-B265-47F8-9917-83788F9CE1F6}"
EndProject
Project("{9A19103F-16F7-4668-BE54-9A1E7A4F7556}") = "Nethermind.Logging", "Nethermind.Logging\Nethermind.Logging.csproj", "{83965DEB-BE40-4485-879A-383756AE7441}"
EndProject
Project("{2150E333-8FDC-42A3-9474-1A3956D46DE8}") = "Nethermind", "Nethermind", "{199F75FD-E02D-4434-B4F0-0B35B63A1D77}"
EndProject
Project("{9A19103F-16F7-4668-BE54-9A1E7A4F7556}") = "Nethermind.State.Test.Runner", "Nethermind.State.Test.Runner\Nethermind.State.Test.Runner.csproj", "{92F00133-68A6-44C5-8CAD-BD4255FC51EA}"
EndProject
Project("{9A19103F-16F7-4668-BE54-9A1E7A4F7556}") = "Nethermind.Logging.NLog", "Nethermind.Logging.NLog\Nethermind.Logging.NLog.csproj", "{5880276D-35B7-4E79-AF0E-9B9E43A61012}"
EndProject
Project("{9A19103F-16F7-4668-BE54-9A1E7A4F7556}") = "Nethermind.Serialization.Rlp", "Nethermind.Serialization.Rlp\Nethermind.Serialization.Rlp.csproj", "{E30BDBE1-0A17-4694-AB3E-01E9543E88BE}"
EndProject
Project("{9A19103F-16F7-4668-BE54-9A1E7A4F7556}") = "Nethermind.TxPool", "Nethermind.TxPool\Nethermind.TxPool.csproj", "{B71A01B3-8C4B-42FF-9694-241907855955}"
EndProject
Project("{9A19103F-16F7-4668-BE54-9A1E7A4F7556}") = "Nethermind.Crypto", "Nethermind.Crypto\Nethermind.Crypto.csproj", "{8B1F3378-DE2C-4A35-8C22-4F0494DA90F7}"
EndProject
Project("{9A19103F-16F7-4668-BE54-9A1E7A4F7556}") = "Nethermind.State", "Nethermind.State\Nethermind.State.csproj", "{181C0E69-F977-4761-9234-D59497537557}"
EndProject
Project("{9A19103F-16F7-4668-BE54-9A1E7A4F7556}") = "Nethermind.Db", "Nethermind.Db\Nethermind.Db.csproj", "{4811B35C-3E42-4876-B4F3-B7AC12F47CE9}"
EndProject
Project("{9A19103F-16F7-4668-BE54-9A1E7A4F7556}") = "Nethermind.Trie", "Nethermind.Trie\Nethermind.Trie.csproj", "{42D916B0-EE07-445B-9757-BE9FC289EDB9}"
EndProject
Project("{9A19103F-16F7-4668-BE54-9A1E7A4F7556}") = "Nethermind.Consensus", "Nethermind.Consensus\Nethermind.Consensus.csproj", "{38AF1B0B-E647-4A29-AEF1-D3EF2CCD1DD2}"
EndProject
Project("{9A19103F-16F7-4668-BE54-9A1E7A4F7556}") = "Ethereum.Blockchain.Legacy.Test", "Ethereum.Blockchain.Legacy.Test\Ethereum.Blockchain.Legacy.Test.csproj", "{9EF378E6-8676-4CC9-9678-95CB389C6CD8}"
EndProject
Project("{9A19103F-16F7-4668-BE54-9A1E7A4F7556}") = "Ethereum.Blockchain.Block.Legacy.Test", "Ethereum.Blockchain.Block.Legacy.Test\Ethereum.Blockchain.Block.Legacy.Test.csproj", "{14DC2EEE-9E39-47B9-9E3D-C75D6CFA2DF5}"
EndProject
Project("{9A19103F-16F7-4668-BE54-9A1E7A4F7556}") = "Nethermind.Specs", "Nethermind.Specs\Nethermind.Specs.csproj", "{E8099D67-83AD-4F8A-9BAD-209753EC2E33}"
EndProject
Project("{9A19103F-16F7-4668-BE54-9A1E7A4F7556}") = "Nethermind.Consensus.Ethash", "Nethermind.Consensus.Ethash\Nethermind.Consensus.Ethash.csproj", "{8A5C7E26-1C14-4612-BE2E-382F41ED07FE}"
EndProject
Project("{9A19103F-16F7-4668-BE54-9A1E7A4F7556}") = "Nethermind.Serialization.Json", "Nethermind.Serialization.Json\Nethermind.Serialization.Json.csproj", "{D7CDE5D9-753A-4521-8DF6-0CE1EFA9F7C0}"
EndProject
Project("{9A19103F-16F7-4668-BE54-9A1E7A4F7556}") = "Ethereum.Abi.Test", "Ethereum.Abi.Test\Ethereum.Abi.Test.csproj", "{E0EAF613-4BC5-4728-B422-F0BE1BC3683E}"
EndProject
Project("{9A19103F-16F7-4668-BE54-9A1E7A4F7556}") = "Nethermind.Evm.Test", "Nethermind.Evm.Test\Nethermind.Evm.Test.csproj", "{3E068BF0-5D69-4A82-840F-DD9961EF38A3}"
EndProject
Project("{9A19103F-16F7-4668-BE54-9A1E7A4F7556}") = "Nethermind.State.Test.Runner.Test", "Nethermind.State.Test.Runner.Test\Nethermind.State.Test.Runner.Test.csproj", "{99E33899-A3B8-4941-BBBD-591D6DD30837}"
EndProject
Project("{9A19103F-16F7-4668-BE54-9A1E7A4F7556}") = "Nethermind.Api", "Nethermind.Api\Nethermind.Api.csproj", "{6C5A1E0D-4F8A-4728-A5CB-6323233DDCD0}"
EndProject
Project("{9A19103F-16F7-4668-BE54-9A1E7A4F7556}") = "Nethermind.Facade", "Nethermind.Facade\Nethermind.Facade.csproj", "{B869A5D7-64F2-40AB-B171-E03146EE4AB5}"
EndProject
Project("{9A19103F-16F7-4668-BE54-9A1E7A4F7556}") = "Nethermind.Specs.Test", "Nethermind.Specs.Test\Nethermind.Specs.Test.csproj", "{B45550CE-74BF-41D1-B576-2279A88B14C5}"
EndProject
Project("{9A19103F-16F7-4668-BE54-9A1E7A4F7556}") = "Nethermind.Network", "Nethermind.Network\Nethermind.Network.csproj", "{FC3ACB10-117A-49E7-8DE9-788D39C2A8D2}"
EndProject
Project("{9A19103F-16F7-4668-BE54-9A1E7A4F7556}") = "Nethermind.Network.Discovery", "Nethermind.Network.Discovery\Nethermind.Network.Discovery.csproj", "{3003089F-D036-4498-A89E-63EF2814515D}"
EndProject
Project("{9A19103F-16F7-4668-BE54-9A1E7A4F7556}") = "Nethermind.Network.Stats", "Nethermind.Network.Stats\Nethermind.Network.Stats.csproj", "{A586EBA6-9922-4359-BC8C-D90A6A9CBBDE}"
EndProject
Project("{FAE04EC0-301F-11D3-BF4B-00C04F79EFBC}") = "Ethereum.KeyStore.Test", "Ethereum.KeyStore.Test\Ethereum.KeyStore.Test.csproj", "{320846D9-D733-4A58-A85D-638D36A08272}"
EndProject
Global
	GlobalSection(SolutionConfigurationPlatforms) = preSolution
		Debug|Any CPU = Debug|Any CPU
		Release|Any CPU = Release|Any CPU
	EndGlobalSection
	GlobalSection(ProjectConfigurationPlatforms) = postSolution
		{D841A8D7-BF03-4481-9CCB-014F67318DCA}.Debug|Any CPU.ActiveCfg = Debug|Any CPU
		{D841A8D7-BF03-4481-9CCB-014F67318DCA}.Debug|Any CPU.Build.0 = Debug|Any CPU
		{D841A8D7-BF03-4481-9CCB-014F67318DCA}.Release|Any CPU.ActiveCfg = Release|Any CPU
		{D841A8D7-BF03-4481-9CCB-014F67318DCA}.Release|Any CPU.Build.0 = Release|Any CPU
		{1717CD2A-1B8A-4F0E-A930-C6DA62AD19C7}.Debug|Any CPU.ActiveCfg = Debug|Any CPU
		{1717CD2A-1B8A-4F0E-A930-C6DA62AD19C7}.Debug|Any CPU.Build.0 = Debug|Any CPU
		{1717CD2A-1B8A-4F0E-A930-C6DA62AD19C7}.Release|Any CPU.ActiveCfg = Release|Any CPU
		{1717CD2A-1B8A-4F0E-A930-C6DA62AD19C7}.Release|Any CPU.Build.0 = Release|Any CPU
		{75966133-1F56-439C-A038-5921FA3AD2B2}.Debug|Any CPU.ActiveCfg = Debug|Any CPU
		{75966133-1F56-439C-A038-5921FA3AD2B2}.Debug|Any CPU.Build.0 = Debug|Any CPU
		{75966133-1F56-439C-A038-5921FA3AD2B2}.Release|Any CPU.ActiveCfg = Release|Any CPU
		{75966133-1F56-439C-A038-5921FA3AD2B2}.Release|Any CPU.Build.0 = Release|Any CPU
		{FDCE3436-C141-4CFE-8341-FB4ED70C7872}.Debug|Any CPU.ActiveCfg = Debug|Any CPU
		{FDCE3436-C141-4CFE-8341-FB4ED70C7872}.Debug|Any CPU.Build.0 = Debug|Any CPU
		{FDCE3436-C141-4CFE-8341-FB4ED70C7872}.Release|Any CPU.ActiveCfg = Release|Any CPU
		{FDCE3436-C141-4CFE-8341-FB4ED70C7872}.Release|Any CPU.Build.0 = Release|Any CPU
		{BAF266CC-AA84-455A-BD5C-2F25EFAD571E}.Debug|Any CPU.ActiveCfg = Debug|Any CPU
		{BAF266CC-AA84-455A-BD5C-2F25EFAD571E}.Debug|Any CPU.Build.0 = Debug|Any CPU
		{BAF266CC-AA84-455A-BD5C-2F25EFAD571E}.Release|Any CPU.ActiveCfg = Release|Any CPU
		{BAF266CC-AA84-455A-BD5C-2F25EFAD571E}.Release|Any CPU.Build.0 = Release|Any CPU
		{6E3A227E-D8C5-4CF9-BE8D-6970355D1BD1}.Debug|Any CPU.ActiveCfg = Debug|Any CPU
		{6E3A227E-D8C5-4CF9-BE8D-6970355D1BD1}.Debug|Any CPU.Build.0 = Debug|Any CPU
		{6E3A227E-D8C5-4CF9-BE8D-6970355D1BD1}.Release|Any CPU.ActiveCfg = Release|Any CPU
		{6E3A227E-D8C5-4CF9-BE8D-6970355D1BD1}.Release|Any CPU.Build.0 = Release|Any CPU
		{A750010A-2CE2-4607-A156-3B1B5EEB50DA}.Debug|Any CPU.ActiveCfg = Debug|Any CPU
		{A750010A-2CE2-4607-A156-3B1B5EEB50DA}.Debug|Any CPU.Build.0 = Debug|Any CPU
		{A750010A-2CE2-4607-A156-3B1B5EEB50DA}.Release|Any CPU.ActiveCfg = Release|Any CPU
		{A750010A-2CE2-4607-A156-3B1B5EEB50DA}.Release|Any CPU.Build.0 = Release|Any CPU
		{FCF42F2D-7059-4261-A94B-6634E787C3DF}.Debug|Any CPU.ActiveCfg = Debug|Any CPU
		{FCF42F2D-7059-4261-A94B-6634E787C3DF}.Debug|Any CPU.Build.0 = Debug|Any CPU
		{FCF42F2D-7059-4261-A94B-6634E787C3DF}.Release|Any CPU.ActiveCfg = Release|Any CPU
		{FCF42F2D-7059-4261-A94B-6634E787C3DF}.Release|Any CPU.Build.0 = Release|Any CPU
		{2CA23542-9162-4F26-9637-0316AEC32D49}.Debug|Any CPU.ActiveCfg = Debug|Any CPU
		{2CA23542-9162-4F26-9637-0316AEC32D49}.Debug|Any CPU.Build.0 = Debug|Any CPU
		{2CA23542-9162-4F26-9637-0316AEC32D49}.Release|Any CPU.ActiveCfg = Release|Any CPU
		{2CA23542-9162-4F26-9637-0316AEC32D49}.Release|Any CPU.Build.0 = Release|Any CPU
		{3F9CCB9E-BCEB-4C51-843F-F55EB5F30B60}.Debug|Any CPU.ActiveCfg = Debug|Any CPU
		{3F9CCB9E-BCEB-4C51-843F-F55EB5F30B60}.Debug|Any CPU.Build.0 = Debug|Any CPU
		{3F9CCB9E-BCEB-4C51-843F-F55EB5F30B60}.Release|Any CPU.ActiveCfg = Release|Any CPU
		{3F9CCB9E-BCEB-4C51-843F-F55EB5F30B60}.Release|Any CPU.Build.0 = Release|Any CPU
		{A7DF8515-E661-4648-AE00-20E1DAE280A2}.Debug|Any CPU.ActiveCfg = Debug|Any CPU
		{A7DF8515-E661-4648-AE00-20E1DAE280A2}.Debug|Any CPU.Build.0 = Debug|Any CPU
		{A7DF8515-E661-4648-AE00-20E1DAE280A2}.Release|Any CPU.ActiveCfg = Release|Any CPU
		{A7DF8515-E661-4648-AE00-20E1DAE280A2}.Release|Any CPU.Build.0 = Release|Any CPU
		{5C6CB70E-5C95-4FE6-B39A-7D247FDCD013}.Debug|Any CPU.ActiveCfg = Debug|Any CPU
		{5C6CB70E-5C95-4FE6-B39A-7D247FDCD013}.Debug|Any CPU.Build.0 = Debug|Any CPU
		{5C6CB70E-5C95-4FE6-B39A-7D247FDCD013}.Release|Any CPU.ActiveCfg = Release|Any CPU
		{5C6CB70E-5C95-4FE6-B39A-7D247FDCD013}.Release|Any CPU.Build.0 = Release|Any CPU
		{F3A44614-28F1-4A62-9C5B-CD4474CB300F}.Debug|Any CPU.ActiveCfg = Debug|Any CPU
		{F3A44614-28F1-4A62-9C5B-CD4474CB300F}.Debug|Any CPU.Build.0 = Debug|Any CPU
		{F3A44614-28F1-4A62-9C5B-CD4474CB300F}.Release|Any CPU.ActiveCfg = Release|Any CPU
		{F3A44614-28F1-4A62-9C5B-CD4474CB300F}.Release|Any CPU.Build.0 = Release|Any CPU
		{3FB32DB0-2271-47BC-9DC6-27108F5DEF16}.Debug|Any CPU.ActiveCfg = Debug|Any CPU
		{3FB32DB0-2271-47BC-9DC6-27108F5DEF16}.Debug|Any CPU.Build.0 = Debug|Any CPU
		{3FB32DB0-2271-47BC-9DC6-27108F5DEF16}.Release|Any CPU.ActiveCfg = Release|Any CPU
		{3FB32DB0-2271-47BC-9DC6-27108F5DEF16}.Release|Any CPU.Build.0 = Release|Any CPU
		{DD4B1F0B-F939-4BE1-A846-EAA8DDB2B792}.Debug|Any CPU.ActiveCfg = Debug|Any CPU
		{DD4B1F0B-F939-4BE1-A846-EAA8DDB2B792}.Debug|Any CPU.Build.0 = Debug|Any CPU
		{DD4B1F0B-F939-4BE1-A846-EAA8DDB2B792}.Release|Any CPU.ActiveCfg = Release|Any CPU
		{DD4B1F0B-F939-4BE1-A846-EAA8DDB2B792}.Release|Any CPU.Build.0 = Release|Any CPU
		{0988EC3B-0011-4109-948E-F35C8CB8D6E8}.Debug|Any CPU.ActiveCfg = Debug|Any CPU
		{0988EC3B-0011-4109-948E-F35C8CB8D6E8}.Debug|Any CPU.Build.0 = Debug|Any CPU
		{0988EC3B-0011-4109-948E-F35C8CB8D6E8}.Release|Any CPU.ActiveCfg = Release|Any CPU
		{0988EC3B-0011-4109-948E-F35C8CB8D6E8}.Release|Any CPU.Build.0 = Release|Any CPU
		{9FBEA820-C535-43CB-9DA3-4F0E360529A4}.Debug|Any CPU.ActiveCfg = Debug|Any CPU
		{9FBEA820-C535-43CB-9DA3-4F0E360529A4}.Debug|Any CPU.Build.0 = Debug|Any CPU
		{9FBEA820-C535-43CB-9DA3-4F0E360529A4}.Release|Any CPU.ActiveCfg = Release|Any CPU
		{9FBEA820-C535-43CB-9DA3-4F0E360529A4}.Release|Any CPU.Build.0 = Release|Any CPU
		{C7DC9B19-F0B7-422A-A588-F1640E6E6891}.Debug|Any CPU.ActiveCfg = Debug|Any CPU
		{C7DC9B19-F0B7-422A-A588-F1640E6E6891}.Debug|Any CPU.Build.0 = Debug|Any CPU
		{C7DC9B19-F0B7-422A-A588-F1640E6E6891}.Release|Any CPU.ActiveCfg = Release|Any CPU
		{C7DC9B19-F0B7-422A-A588-F1640E6E6891}.Release|Any CPU.Build.0 = Release|Any CPU
		{738BC20F-8881-425F-B05D-6955E482D7ED}.Debug|Any CPU.ActiveCfg = Debug|Any CPU
		{738BC20F-8881-425F-B05D-6955E482D7ED}.Debug|Any CPU.Build.0 = Debug|Any CPU
		{738BC20F-8881-425F-B05D-6955E482D7ED}.Release|Any CPU.ActiveCfg = Release|Any CPU
		{738BC20F-8881-425F-B05D-6955E482D7ED}.Release|Any CPU.Build.0 = Release|Any CPU
		{88A49490-B265-47F8-9917-83788F9CE1F6}.Debug|Any CPU.ActiveCfg = Debug|Any CPU
		{88A49490-B265-47F8-9917-83788F9CE1F6}.Debug|Any CPU.Build.0 = Debug|Any CPU
		{88A49490-B265-47F8-9917-83788F9CE1F6}.Release|Any CPU.ActiveCfg = Release|Any CPU
		{88A49490-B265-47F8-9917-83788F9CE1F6}.Release|Any CPU.Build.0 = Release|Any CPU
		{83965DEB-BE40-4485-879A-383756AE7441}.Debug|Any CPU.ActiveCfg = Debug|Any CPU
		{83965DEB-BE40-4485-879A-383756AE7441}.Debug|Any CPU.Build.0 = Debug|Any CPU
		{83965DEB-BE40-4485-879A-383756AE7441}.Release|Any CPU.ActiveCfg = Release|Any CPU
		{83965DEB-BE40-4485-879A-383756AE7441}.Release|Any CPU.Build.0 = Release|Any CPU
		{92F00133-68A6-44C5-8CAD-BD4255FC51EA}.Debug|Any CPU.ActiveCfg = Debug|Any CPU
		{92F00133-68A6-44C5-8CAD-BD4255FC51EA}.Debug|Any CPU.Build.0 = Debug|Any CPU
		{92F00133-68A6-44C5-8CAD-BD4255FC51EA}.Release|Any CPU.ActiveCfg = Release|Any CPU
		{92F00133-68A6-44C5-8CAD-BD4255FC51EA}.Release|Any CPU.Build.0 = Release|Any CPU
		{5880276D-35B7-4E79-AF0E-9B9E43A61012}.Debug|Any CPU.ActiveCfg = Debug|Any CPU
		{5880276D-35B7-4E79-AF0E-9B9E43A61012}.Debug|Any CPU.Build.0 = Debug|Any CPU
		{5880276D-35B7-4E79-AF0E-9B9E43A61012}.Release|Any CPU.ActiveCfg = Release|Any CPU
		{5880276D-35B7-4E79-AF0E-9B9E43A61012}.Release|Any CPU.Build.0 = Release|Any CPU
		{E30BDBE1-0A17-4694-AB3E-01E9543E88BE}.Debug|Any CPU.ActiveCfg = Debug|Any CPU
		{E30BDBE1-0A17-4694-AB3E-01E9543E88BE}.Debug|Any CPU.Build.0 = Debug|Any CPU
		{E30BDBE1-0A17-4694-AB3E-01E9543E88BE}.Release|Any CPU.ActiveCfg = Release|Any CPU
		{E30BDBE1-0A17-4694-AB3E-01E9543E88BE}.Release|Any CPU.Build.0 = Release|Any CPU
		{B71A01B3-8C4B-42FF-9694-241907855955}.Debug|Any CPU.ActiveCfg = Debug|Any CPU
		{B71A01B3-8C4B-42FF-9694-241907855955}.Debug|Any CPU.Build.0 = Debug|Any CPU
		{B71A01B3-8C4B-42FF-9694-241907855955}.Release|Any CPU.ActiveCfg = Release|Any CPU
		{B71A01B3-8C4B-42FF-9694-241907855955}.Release|Any CPU.Build.0 = Release|Any CPU
		{8B1F3378-DE2C-4A35-8C22-4F0494DA90F7}.Debug|Any CPU.ActiveCfg = Debug|Any CPU
		{8B1F3378-DE2C-4A35-8C22-4F0494DA90F7}.Debug|Any CPU.Build.0 = Debug|Any CPU
		{8B1F3378-DE2C-4A35-8C22-4F0494DA90F7}.Release|Any CPU.ActiveCfg = Release|Any CPU
		{8B1F3378-DE2C-4A35-8C22-4F0494DA90F7}.Release|Any CPU.Build.0 = Release|Any CPU
		{181C0E69-F977-4761-9234-D59497537557}.Debug|Any CPU.ActiveCfg = Debug|Any CPU
		{181C0E69-F977-4761-9234-D59497537557}.Debug|Any CPU.Build.0 = Debug|Any CPU
		{181C0E69-F977-4761-9234-D59497537557}.Release|Any CPU.ActiveCfg = Release|Any CPU
		{181C0E69-F977-4761-9234-D59497537557}.Release|Any CPU.Build.0 = Release|Any CPU
		{4811B35C-3E42-4876-B4F3-B7AC12F47CE9}.Debug|Any CPU.ActiveCfg = Debug|Any CPU
		{4811B35C-3E42-4876-B4F3-B7AC12F47CE9}.Debug|Any CPU.Build.0 = Debug|Any CPU
		{4811B35C-3E42-4876-B4F3-B7AC12F47CE9}.Release|Any CPU.ActiveCfg = Release|Any CPU
		{4811B35C-3E42-4876-B4F3-B7AC12F47CE9}.Release|Any CPU.Build.0 = Release|Any CPU
		{42D916B0-EE07-445B-9757-BE9FC289EDB9}.Debug|Any CPU.ActiveCfg = Debug|Any CPU
		{42D916B0-EE07-445B-9757-BE9FC289EDB9}.Debug|Any CPU.Build.0 = Debug|Any CPU
		{42D916B0-EE07-445B-9757-BE9FC289EDB9}.Release|Any CPU.ActiveCfg = Release|Any CPU
		{42D916B0-EE07-445B-9757-BE9FC289EDB9}.Release|Any CPU.Build.0 = Release|Any CPU
		{38AF1B0B-E647-4A29-AEF1-D3EF2CCD1DD2}.Debug|Any CPU.ActiveCfg = Debug|Any CPU
		{38AF1B0B-E647-4A29-AEF1-D3EF2CCD1DD2}.Debug|Any CPU.Build.0 = Debug|Any CPU
		{38AF1B0B-E647-4A29-AEF1-D3EF2CCD1DD2}.Release|Any CPU.ActiveCfg = Release|Any CPU
		{38AF1B0B-E647-4A29-AEF1-D3EF2CCD1DD2}.Release|Any CPU.Build.0 = Release|Any CPU
		{9EF378E6-8676-4CC9-9678-95CB389C6CD8}.Debug|Any CPU.ActiveCfg = Debug|Any CPU
		{9EF378E6-8676-4CC9-9678-95CB389C6CD8}.Debug|Any CPU.Build.0 = Debug|Any CPU
		{9EF378E6-8676-4CC9-9678-95CB389C6CD8}.Release|Any CPU.ActiveCfg = Release|Any CPU
		{9EF378E6-8676-4CC9-9678-95CB389C6CD8}.Release|Any CPU.Build.0 = Release|Any CPU
		{14DC2EEE-9E39-47B9-9E3D-C75D6CFA2DF5}.Debug|Any CPU.ActiveCfg = Debug|Any CPU
		{14DC2EEE-9E39-47B9-9E3D-C75D6CFA2DF5}.Debug|Any CPU.Build.0 = Debug|Any CPU
		{14DC2EEE-9E39-47B9-9E3D-C75D6CFA2DF5}.Release|Any CPU.ActiveCfg = Release|Any CPU
		{14DC2EEE-9E39-47B9-9E3D-C75D6CFA2DF5}.Release|Any CPU.Build.0 = Release|Any CPU
		{E8099D67-83AD-4F8A-9BAD-209753EC2E33}.Debug|Any CPU.ActiveCfg = Debug|Any CPU
		{E8099D67-83AD-4F8A-9BAD-209753EC2E33}.Debug|Any CPU.Build.0 = Debug|Any CPU
		{E8099D67-83AD-4F8A-9BAD-209753EC2E33}.Release|Any CPU.ActiveCfg = Release|Any CPU
		{E8099D67-83AD-4F8A-9BAD-209753EC2E33}.Release|Any CPU.Build.0 = Release|Any CPU
		{8A5C7E26-1C14-4612-BE2E-382F41ED07FE}.Debug|Any CPU.ActiveCfg = Debug|Any CPU
		{8A5C7E26-1C14-4612-BE2E-382F41ED07FE}.Debug|Any CPU.Build.0 = Debug|Any CPU
		{8A5C7E26-1C14-4612-BE2E-382F41ED07FE}.Release|Any CPU.ActiveCfg = Release|Any CPU
		{8A5C7E26-1C14-4612-BE2E-382F41ED07FE}.Release|Any CPU.Build.0 = Release|Any CPU
		{D7CDE5D9-753A-4521-8DF6-0CE1EFA9F7C0}.Debug|Any CPU.ActiveCfg = Debug|Any CPU
		{D7CDE5D9-753A-4521-8DF6-0CE1EFA9F7C0}.Debug|Any CPU.Build.0 = Debug|Any CPU
		{D7CDE5D9-753A-4521-8DF6-0CE1EFA9F7C0}.Release|Any CPU.ActiveCfg = Release|Any CPU
		{D7CDE5D9-753A-4521-8DF6-0CE1EFA9F7C0}.Release|Any CPU.Build.0 = Release|Any CPU
		{E0EAF613-4BC5-4728-B422-F0BE1BC3683E}.Debug|Any CPU.ActiveCfg = Debug|Any CPU
		{E0EAF613-4BC5-4728-B422-F0BE1BC3683E}.Debug|Any CPU.Build.0 = Debug|Any CPU
		{E0EAF613-4BC5-4728-B422-F0BE1BC3683E}.Release|Any CPU.ActiveCfg = Release|Any CPU
		{E0EAF613-4BC5-4728-B422-F0BE1BC3683E}.Release|Any CPU.Build.0 = Release|Any CPU
		{3E068BF0-5D69-4A82-840F-DD9961EF38A3}.Debug|Any CPU.ActiveCfg = Debug|Any CPU
		{3E068BF0-5D69-4A82-840F-DD9961EF38A3}.Debug|Any CPU.Build.0 = Debug|Any CPU
		{3E068BF0-5D69-4A82-840F-DD9961EF38A3}.Release|Any CPU.ActiveCfg = Release|Any CPU
		{3E068BF0-5D69-4A82-840F-DD9961EF38A3}.Release|Any CPU.Build.0 = Release|Any CPU
		{99E33899-A3B8-4941-BBBD-591D6DD30837}.Debug|Any CPU.ActiveCfg = Debug|Any CPU
		{99E33899-A3B8-4941-BBBD-591D6DD30837}.Debug|Any CPU.Build.0 = Debug|Any CPU
		{99E33899-A3B8-4941-BBBD-591D6DD30837}.Release|Any CPU.ActiveCfg = Release|Any CPU
		{99E33899-A3B8-4941-BBBD-591D6DD30837}.Release|Any CPU.Build.0 = Release|Any CPU
		{6C5A1E0D-4F8A-4728-A5CB-6323233DDCD0}.Debug|Any CPU.ActiveCfg = Debug|Any CPU
		{6C5A1E0D-4F8A-4728-A5CB-6323233DDCD0}.Debug|Any CPU.Build.0 = Debug|Any CPU
		{6C5A1E0D-4F8A-4728-A5CB-6323233DDCD0}.Release|Any CPU.ActiveCfg = Release|Any CPU
		{6C5A1E0D-4F8A-4728-A5CB-6323233DDCD0}.Release|Any CPU.Build.0 = Release|Any CPU
		{B869A5D7-64F2-40AB-B171-E03146EE4AB5}.Debug|Any CPU.ActiveCfg = Debug|Any CPU
		{B869A5D7-64F2-40AB-B171-E03146EE4AB5}.Debug|Any CPU.Build.0 = Debug|Any CPU
		{B869A5D7-64F2-40AB-B171-E03146EE4AB5}.Release|Any CPU.ActiveCfg = Release|Any CPU
		{B869A5D7-64F2-40AB-B171-E03146EE4AB5}.Release|Any CPU.Build.0 = Release|Any CPU
		{B45550CE-74BF-41D1-B576-2279A88B14C5}.Debug|Any CPU.ActiveCfg = Debug|Any CPU
		{B45550CE-74BF-41D1-B576-2279A88B14C5}.Debug|Any CPU.Build.0 = Debug|Any CPU
		{B45550CE-74BF-41D1-B576-2279A88B14C5}.Release|Any CPU.ActiveCfg = Release|Any CPU
		{B45550CE-74BF-41D1-B576-2279A88B14C5}.Release|Any CPU.Build.0 = Release|Any CPU
		{FC3ACB10-117A-49E7-8DE9-788D39C2A8D2}.Debug|Any CPU.ActiveCfg = Debug|Any CPU
		{FC3ACB10-117A-49E7-8DE9-788D39C2A8D2}.Debug|Any CPU.Build.0 = Debug|Any CPU
		{FC3ACB10-117A-49E7-8DE9-788D39C2A8D2}.Release|Any CPU.ActiveCfg = Release|Any CPU
		{FC3ACB10-117A-49E7-8DE9-788D39C2A8D2}.Release|Any CPU.Build.0 = Release|Any CPU
		{3003089F-D036-4498-A89E-63EF2814515D}.Debug|Any CPU.ActiveCfg = Debug|Any CPU
		{3003089F-D036-4498-A89E-63EF2814515D}.Debug|Any CPU.Build.0 = Debug|Any CPU
		{3003089F-D036-4498-A89E-63EF2814515D}.Release|Any CPU.ActiveCfg = Release|Any CPU
		{3003089F-D036-4498-A89E-63EF2814515D}.Release|Any CPU.Build.0 = Release|Any CPU
		{A586EBA6-9922-4359-BC8C-D90A6A9CBBDE}.Debug|Any CPU.ActiveCfg = Debug|Any CPU
		{A586EBA6-9922-4359-BC8C-D90A6A9CBBDE}.Debug|Any CPU.Build.0 = Debug|Any CPU
		{A586EBA6-9922-4359-BC8C-D90A6A9CBBDE}.Release|Any CPU.ActiveCfg = Release|Any CPU
		{A586EBA6-9922-4359-BC8C-D90A6A9CBBDE}.Release|Any CPU.Build.0 = Release|Any CPU
		{320846D9-D733-4A58-A85D-638D36A08272}.Debug|Any CPU.ActiveCfg = Debug|Any CPU
		{320846D9-D733-4A58-A85D-638D36A08272}.Debug|Any CPU.Build.0 = Debug|Any CPU
		{320846D9-D733-4A58-A85D-638D36A08272}.Release|Any CPU.ActiveCfg = Release|Any CPU
		{320846D9-D733-4A58-A85D-638D36A08272}.Release|Any CPU.Build.0 = Release|Any CPU
	EndGlobalSection
	GlobalSection(SolutionProperties) = preSolution
		HideSolutionNode = FALSE
	EndGlobalSection
	GlobalSection(NestedProjects) = preSolution
		{DD4B1F0B-F939-4BE1-A846-EAA8DDB2B792} = {199F75FD-E02D-4434-B4F0-0B35B63A1D77}
		{0988EC3B-0011-4109-948E-F35C8CB8D6E8} = {199F75FD-E02D-4434-B4F0-0B35B63A1D77}
		{9FBEA820-C535-43CB-9DA3-4F0E360529A4} = {199F75FD-E02D-4434-B4F0-0B35B63A1D77}
		{C7DC9B19-F0B7-422A-A588-F1640E6E6891} = {199F75FD-E02D-4434-B4F0-0B35B63A1D77}
		{738BC20F-8881-425F-B05D-6955E482D7ED} = {199F75FD-E02D-4434-B4F0-0B35B63A1D77}
		{88A49490-B265-47F8-9917-83788F9CE1F6} = {199F75FD-E02D-4434-B4F0-0B35B63A1D77}
		{83965DEB-BE40-4485-879A-383756AE7441} = {199F75FD-E02D-4434-B4F0-0B35B63A1D77}
		{5880276D-35B7-4E79-AF0E-9B9E43A61012} = {199F75FD-E02D-4434-B4F0-0B35B63A1D77}
		{E30BDBE1-0A17-4694-AB3E-01E9543E88BE} = {199F75FD-E02D-4434-B4F0-0B35B63A1D77}
		{B71A01B3-8C4B-42FF-9694-241907855955} = {199F75FD-E02D-4434-B4F0-0B35B63A1D77}
		{8B1F3378-DE2C-4A35-8C22-4F0494DA90F7} = {199F75FD-E02D-4434-B4F0-0B35B63A1D77}
		{181C0E69-F977-4761-9234-D59497537557} = {199F75FD-E02D-4434-B4F0-0B35B63A1D77}
		{4811B35C-3E42-4876-B4F3-B7AC12F47CE9} = {199F75FD-E02D-4434-B4F0-0B35B63A1D77}
		{42D916B0-EE07-445B-9757-BE9FC289EDB9} = {199F75FD-E02D-4434-B4F0-0B35B63A1D77}
		{38AF1B0B-E647-4A29-AEF1-D3EF2CCD1DD2} = {199F75FD-E02D-4434-B4F0-0B35B63A1D77}
		{E8099D67-83AD-4F8A-9BAD-209753EC2E33} = {199F75FD-E02D-4434-B4F0-0B35B63A1D77}
		{8A5C7E26-1C14-4612-BE2E-382F41ED07FE} = {199F75FD-E02D-4434-B4F0-0B35B63A1D77}
		{D7CDE5D9-753A-4521-8DF6-0CE1EFA9F7C0} = {199F75FD-E02D-4434-B4F0-0B35B63A1D77}
		{3E068BF0-5D69-4A82-840F-DD9961EF38A3} = {199F75FD-E02D-4434-B4F0-0B35B63A1D77}
		{6C5A1E0D-4F8A-4728-A5CB-6323233DDCD0} = {199F75FD-E02D-4434-B4F0-0B35B63A1D77}
		{B869A5D7-64F2-40AB-B171-E03146EE4AB5} = {199F75FD-E02D-4434-B4F0-0B35B63A1D77}
		{B45550CE-74BF-41D1-B576-2279A88B14C5} = {199F75FD-E02D-4434-B4F0-0B35B63A1D77}
		{FC3ACB10-117A-49E7-8DE9-788D39C2A8D2} = {199F75FD-E02D-4434-B4F0-0B35B63A1D77}
		{3003089F-D036-4498-A89E-63EF2814515D} = {199F75FD-E02D-4434-B4F0-0B35B63A1D77}
		{A586EBA6-9922-4359-BC8C-D90A6A9CBBDE} = {199F75FD-E02D-4434-B4F0-0B35B63A1D77}
	EndGlobalSection
	GlobalSection(ExtensibilityGlobals) = postSolution
		SolutionGuid = {8C13D618-3E1F-4A60-97AF-A310454B0AD8}
	EndGlobalSection
EndGlobal
